{
  "pins" : [
    {
      "identity" : "jeongfisher",
      "kind" : "remoteSourceControl",
      "location" : "https://github.com/jeongju9216/Jeongfisher",
      "state" : {
        "branch" : "develop",
        "revision" : "3e8660abad575d6be47e66bb5007d85963e20c14"
      }
    },
    {
      "identity" : "kingfisher",
      "kind" : "remoteSourceControl",
      "location" : "https://github.com/onevcat/Kingfisher",
      "state" : {
        "revision" : "c75584ac759cbb16b204d0a7de3ebf53ea6b304d",
        "version" : "7.9.0"
      }
    }
  ],
  "version" : 2
}
