{
  "pins" : [
    {
      "identity" : "jeongfisher",
      "kind" : "remoteSourceControl",
      "location" : "https://github.com/jeongju9216/Jeongfisher",
      "state" : {
        "revision" : "0f5a99118d7fe7126797f2aef1028bd201df4b29",
        "version" : "2.4.1"
      }
    },
    {
      "identity" : "kingfisher",
      "kind" : "remoteSourceControl",
      "location" : "https://github.com/onevcat/Kingfisher",
      "state" : {
        "revision" : "c75584ac759cbb16b204d0a7de3ebf53ea6b304d",
        "version" : "7.9.0"
      }
    }
  ],
  "version" : 2
}
