{
  "pins" : [
    {
      "identity" : "jeongfisher",
      "kind" : "remoteSourceControl",
      "location" : "https://github.com/jeongju9216/Jeongfisher",
      "state" : {
        "revision" : "93e85ecd14a8606e79c21a9231b4e4cabf6465d8",
        "version" : "2.3.0"
      }
    },
    {
      "identity" : "kingfisher",
      "kind" : "remoteSourceControl",
      "location" : "https://github.com/onevcat/Kingfisher",
      "state" : {
        "revision" : "c75584ac759cbb16b204d0a7de3ebf53ea6b304d",
        "version" : "7.9.0"
      }
    }
  ],
  "version" : 2
}
