// !$*UTF8*$!
{
	archiveVersion = 1;
	classes = {
	};
	objectVersion = 56;
	objects = {

/* Begin PBXBuildFile section */
		9BAA76082A84DA4A00ACD7A0 /* AppDelegate.swift in Sources */ = {isa = PBXBuildFile; fileRef = 9BAA76072A84DA4A00ACD7A0 /* AppDelegate.swift */; };
		9BAA760A2A84DA4A00ACD7A0 /* SceneDelegate.swift in Sources */ = {isa = PBXBuildFile; fileRef = 9BAA76092A84DA4A00ACD7A0 /* SceneDelegate.swift */; };
		9BAA760C2A84DA4A00ACD7A0 /* ViewController.swift in Sources */ = {isa = PBXBuildFile; fileRef = 9BAA760B2A84DA4A00ACD7A0 /* ViewController.swift */; };
		9BAA76112A84DA4B00ACD7A0 /* Assets.xcassets in Resources */ = {isa = PBXBuildFile; fileRef = 9BAA76102A84DA4B00ACD7A0 /* Assets.xcassets */; };
		9BAA76142A84DA4B00ACD7A0 /* LaunchScreen.storyboard in Resources */ = {isa = PBXBuildFile; fileRef = 9BAA76122A84DA4B00ACD7A0 /* LaunchScreen.storyboard */; };
		9BAA761E2A84DC8400ACD7A0 /* PosterCollectionViewCell.swift in Sources */ = {isa = PBXBuildFile; fileRef = 9BAA761D2A84DC8400ACD7A0 /* PosterCollectionViewCell.swift */; };
		9BAA76212A84DFC700ACD7A0 /* Kingfisher in Frameworks */ = {isa = PBXBuildFile; productRef = 9BAA76202A84DFC700ACD7A0 /* Kingfisher */; };
/* End PBXBuildFile section */

/* Begin PBXFileReference section */
		9BAA76042A84DA4A00ACD7A0 /* JICExample.app */ = {isa = PBXFileReference; explicitFileType = wrapper.application; includeInIndex = 0; path = JICExample.app; sourceTree = BUILT_PRODUCTS_DIR; };
		9BAA76072A84DA4A00ACD7A0 /* AppDelegate.swift */ = {isa = PBXFileReference; lastKnownFileType = sourcecode.swift; path = AppDelegate.swift; sourceTree = "<group>"; };
		9BAA76092A84DA4A00ACD7A0 /* SceneDelegate.swift */ = {isa = PBXFileReference; lastKnownFileType = sourcecode.swift; path = SceneDelegate.swift; sourceTree = "<group>"; };
		9BAA760B2A84DA4A00ACD7A0 /* ViewController.swift */ = {isa = PBXFileReference; lastKnownFileType = sourcecode.swift; path = ViewController.swift; sourceTree = "<group>"; };
		9BAA76102A84DA4B00ACD7A0 /* Assets.xcassets */ = {isa = PBXFileReference; lastKnownFileType = folder.assetcatalog; path = Assets.xcassets; sourceTree = "<group>"; };
		9BAA76132A84DA4B00ACD7A0 /* Base */ = {isa = PBXFileReference; lastKnownFileType = file.storyboard; name = Base; path = Base.lproj/LaunchScreen.storyboard; sourceTree = "<group>"; };
		9BAA76152A84DA4B00ACD7A0 /* Info.plist */ = {isa = PBXFileReference; lastKnownFileType = text.plist.xml; path = Info.plist; sourceTree = "<group>"; };
		9BAA761D2A84DC8400ACD7A0 /* PosterCollectionViewCell.swift */ = {isa = PBXFileReference; lastKnownFileType = sourcecode.swift; path = PosterCollectionViewCell.swift; sourceTree = "<group>"; };
/* End PBXFileReference section */

/* Begin PBXFrameworksBuildPhase section */
		9BAA76012A84DA4A00ACD7A0 /* Frameworks */ = {
			isa = PBXFrameworksBuildPhase;
			buildActionMask = 2147483647;
			files = (
				9BAA76212A84DFC700ACD7A0 /* Kingfisher in Frameworks */,
			);
			runOnlyForDeploymentPostprocessing = 0;
		};
/* End PBXFrameworksBuildPhase section */

/* Begin PBXGroup section */
		9BAA75FB2A84DA4A00ACD7A0 = {
			isa = PBXGroup;
			children = (
				9BAA76062A84DA4A00ACD7A0 /* JICExample */,
				9BAA76052A84DA4A00ACD7A0 /* Products */,
			);
			sourceTree = "<group>";
		};
		9BAA76052A84DA4A00ACD7A0 /* Products */ = {
			isa = PBXGroup;
			children = (
				9BAA76042A84DA4A00ACD7A0 /* JICExample.app */,
			);
			name = Products;
			sourceTree = "<group>";
		};
		9BAA76062A84DA4A00ACD7A0 /* JICExample */ = {
			isa = PBXGroup;
			children = (
				9BAA76072A84DA4A00ACD7A0 /* AppDelegate.swift */,
				9BAA76092A84DA4A00ACD7A0 /* SceneDelegate.swift */,
				9BAA760B2A84DA4A00ACD7A0 /* ViewController.swift */,
				9BAA761D2A84DC8400ACD7A0 /* PosterCollectionViewCell.swift */,
				9BAA76102A84DA4B00ACD7A0 /* Assets.xcassets */,
				9BAA76122A84DA4B00ACD7A0 /* LaunchScreen.storyboard */,
				9BAA76152A84DA4B00ACD7A0 /* Info.plist */,
			);
			path = JICExample;
			sourceTree = "<group>";
		};
/* End PBXGroup section */

/* Begin PBXNativeTarget section */
		9BAA76032A84DA4A00ACD7A0 /* JICExample */ = {
			isa = PBXNativeTarget;
			buildConfigurationList = 9BAA76182A84DA4B00ACD7A0 /* Build configuration list for PBXNativeTarget "JICExample" */;
			buildPhases = (
				9BAA76002A84DA4A00ACD7A0 /* Sources */,
				9BAA76012A84DA4A00ACD7A0 /* Frameworks */,
				9BAA76022A84DA4A00ACD7A0 /* Resources */,
			);
			buildRules = (
			);
			dependencies = (
			);
			name = JICExample;
			packageProductDependencies = (
				9BAA76202A84DFC700ACD7A0 /* Kingfisher */,
			);
			productName = JICExample;
			productReference = 9BAA76042A84DA4A00ACD7A0 /* JICExample.app */;
			productType = "com.apple.product-type.application";
		};
/* End PBXNativeTarget section */

/* Begin PBXProject section */
		9BAA75FC2A84DA4A00ACD7A0 /* Project object */ = {
			isa = PBXProject;
			attributes = {
				BuildIndependentTargetsInParallel = 1;
				LastSwiftUpdateCheck = 1430;
				LastUpgradeCheck = 1430;
				TargetAttributes = {
					9BAA76032A84DA4A00ACD7A0 = {
						CreatedOnToolsVersion = 14.3.1;
					};
				};
			};
			buildConfigurationList = 9BAA75FF2A84DA4A00ACD7A0 /* Build configuration list for PBXProject "JICExample" */;
			compatibilityVersion = "Xcode 14.0";
			developmentRegion = en;
			hasScannedForEncodings = 0;
			knownRegions = (
				en,
				Base,
			);
			mainGroup = 9BAA75FB2A84DA4A00ACD7A0;
			packageReferences = (
				9BAA761F2A84DFC700ACD7A0 /* XCRemoteSwiftPackageReference "Kingfisher" */,
			);
			productRefGroup = 9BAA76052A84DA4A00ACD7A0 /* Products */;
			projectDirPath = "";
			projectRoot = "";
			targets = (
				9BAA76032A84DA4A00ACD7A0 /* JICExample */,
			);
		};
/* End PBXProject section */

/* Begin PBXResourcesBuildPhase section */
		9BAA76022A84DA4A00ACD7A0 /* Resources */ = {
			isa = PBXResourcesBuildPhase;
			buildActionMask = 2147483647;
			files = (
				9BAA76142A84DA4B00ACD7A0 /* LaunchScreen.storyboard in Resources */,
				9BAA76112A84DA4B00ACD7A0 /* Assets.xcassets in Resources */,
			);
			runOnlyForDeploymentPostprocessing = 0;
		};
/* End PBXResourcesBuildPhase section */

/* Begin PBXSourcesBuildPhase section */
		9BAA76002A84DA4A00ACD7A0 /* Sources */ = {
			isa = PBXSourcesBuildPhase;
			buildActionMask = 2147483647;
			files = (
				9BAA760C2A84DA4A00ACD7A0 /* ViewController.swift in Sources */,
				9BAA761E2A84DC8400ACD7A0 /* PosterCollectionViewCell.swift in Sources */,
				9BAA76082A84DA4A00ACD7A0 /* AppDelegate.swift in Sources */,
				9BAA760A2A84DA4A00ACD7A0 /* SceneDelegate.swift in Sources */,
			);
			runOnlyForDeploymentPostprocessing = 0;
		};
/* End PBXSourcesBuildPhase section */

/* Begin PBXVariantGroup section */
		9BAA76122A84DA4B00ACD7A0 /* LaunchScreen.storyboard */ = {
			isa = PBXVariantGroup;
			children = (
				9BAA76132A84DA4B00ACD7A0 /* Base */,
			);
			name = LaunchScreen.storyboard;
			sourceTree = "<group>";
		};
/* End PBXVariantGroup section */

/* Begin XCBuildConfiguration section */
		9BAA76162A84DA4B00ACD7A0 /* Debug */ = {
			isa = XCBuildConfiguration;
			buildSettings = {
				ALWAYS_SEARCH_USER_PATHS = NO;
				CLANG_ANALYZER_NONNULL = YES;
				CLANG_ANALYZER_NUMBER_OBJECT_CONVERSION = YES_AGGRESSIVE;
				CLANG_CXX_LANGUAGE_STANDARD = "gnu++20";
				CLANG_ENABLE_MODULES = YES;
				CLANG_ENABLE_OBJC_ARC = YES;
				CLANG_ENABLE_OBJC_WEAK = YES;
				CLANG_WARN_BLOCK_CAPTURE_AUTORELEASING = YES;
				CLANG_WARN_BOOL_CONVERSION = YES;
				CLANG_WARN_COMMA = YES;
				CLANG_WARN_CONSTANT_CONVERSION = YES;
				CLANG_WARN_DEPRECATED_OBJC_IMPLEMENTATIONS = YES;
				CLANG_WARN_DIRECT_OBJC_ISA_USAGE = YES_ERROR;
				CLANG_WARN_DOCUMENTATION_COMMENTS = YES;
				CLANG_WARN_EMPTY_BODY = YES;
				CLANG_WARN_ENUM_CONVERSION = YES;
				CLANG_WARN_INFINITE_RECURSION = YES;
				CLANG_WARN_INT_CONVERSION = YES;
				CLANG_WARN_NON_LITERAL_NULL_CONVERSION = YES;
				CLANG_WARN_OBJC_IMPLICIT_RETAIN_SELF = YES;
				CLANG_WARN_OBJC_LITERAL_CONVERSION = YES;
				CLANG_WARN_OBJC_ROOT_CLASS = YES_ERROR;
				CLANG_WARN_QUOTED_INCLUDE_IN_FRAMEWORK_HEADER = YES;
				CLANG_WARN_RANGE_LOOP_ANALYSIS = YES;
				CLANG_WARN_STRICT_PROTOTYPES = YES;
				CLANG_WARN_SUSPICIOUS_MOVE = YES;
				CLANG_WARN_UNGUARDED_AVAILABILITY = YES_AGGRESSIVE;
				CLANG_WARN_UNREACHABLE_CODE = YES;
				CLANG_WARN__DUPLICATE_METHOD_MATCH = YES;
				COPY_PHASE_STRIP = NO;
				DEBUG_INFORMATION_FORMAT = dwarf;
				ENABLE_STRICT_OBJC_MSGSEND = YES;
				ENABLE_TESTABILITY = YES;
				GCC_C_LANGUAGE_STANDARD = gnu11;
				GCC_DYNAMIC_NO_PIC = NO;
				GCC_NO_COMMON_BLOCKS = YES;
				GCC_OPTIMIZATION_LEVEL = 0;
				GCC_PREPROCESSOR_DEFINITIONS = (
					"DEBUG=1",
					"$(inherited)",
				);
				GCC_WARN_64_TO_32_BIT_CONVERSION = YES;
				GCC_WARN_ABOUT_RETURN_TYPE = YES_ERROR;
				GCC_WARN_UNDECLARED_SELECTOR = YES;
				GCC_WARN_UNINITIALIZED_AUTOS = YES_AGGRESSIVE;
				GCC_WARN_UNUSED_FUNCTION = YES;
				GCC_WARN_UNUSED_VARIABLE = YES;
				IPHONEOS_DEPLOYMENT_TARGET = 16.4;
				MTL_ENABLE_DEBUG_INFO = INCLUDE_SOURCE;
				MTL_FAST_MATH = YES;
				ONLY_ACTIVE_ARCH = YES;
				SDKROOT = iphoneos;
				SWIFT_ACTIVE_COMPILATION_CONDITIONS = DEBUG;
				SWIFT_OPTIMIZATION_LEVEL = "-Onone";
			};
			name = Debug;
		};
		9BAA76172A84DA4B00ACD7A0 /* Release */ = {
			isa = XCBuildConfiguration;
			buildSettings = {
				ALWAYS_SEARCH_USER_PATHS = NO;
				CLANG_ANALYZER_NONNULL = YES;
				CLANG_ANALYZER_NUMBER_OBJECT_CONVERSION = YES_AGGRESSIVE;
				CLANG_CXX_LANGUAGE_STANDARD = "gnu++20";
				CLANG_ENABLE_MODULES = YES;
				CLANG_ENABLE_OBJC_ARC = YES;
				CLANG_ENABLE_OBJC_WEAK = YES;
				CLANG_WARN_BLOCK_CAPTURE_AUTORELEASING = YES;
				CLANG_WARN_BOOL_CONVERSION = YES;
				CLANG_WARN_COMMA = YES;
				CLANG_WARN_CONSTANT_CONVERSION = YES;
				CLANG_WARN_DEPRECATED_OBJC_IMPLEMENTATIONS = YES;
				CLANG_WARN_DIRECT_OBJC_ISA_USAGE = YES_ERROR;
				CLANG_WARN_DOCUMENTATION_COMMENTS = YES;
				CLANG_WARN_EMPTY_BODY = YES;
				CLANG_WARN_ENUM_CONVERSION = YES;
				CLANG_WARN_INFINITE_RECURSION = YES;
				CLANG_WARN_INT_CONVERSION = YES;
				CLANG_WARN_NON_LITERAL_NULL_CONVERSION = YES;
				CLANG_WARN_OBJC_IMPLICIT_RETAIN_SELF = YES;
				CLANG_WARN_OBJC_LITERAL_CONVERSION = YES;
				CLANG_WARN_OBJC_ROOT_CLASS = YES_ERROR;
				CLANG_WARN_QUOTED_INCLUDE_IN_FRAMEWORK_HEADER = YES;
				CLANG_WARN_RANGE_LOOP_ANALYSIS = YES;
				CLANG_WARN_STRICT_PROTOTYPES = YES;
				CLANG_WARN_SUSPICIOUS_MOVE = YES;
				CLANG_WARN_UNGUARDED_AVAILABILITY = YES_AGGRESSIVE;
				CLANG_WARN_UNREACHABLE_CODE = YES;
				CLANG_WARN__DUPLICATE_METHOD_MATCH = YES;
				COPY_PHASE_STRIP = NO;
				DEBUG_INFORMATION_FORMAT = "dwarf-with-dsym";
				ENABLE_NS_ASSERTIONS = NO;
				ENABLE_STRICT_OBJC_MSGSEND = YES;
				GCC_C_LANGUAGE_STANDARD = gnu11;
				GCC_NO_COMMON_BLOCKS = YES;
				GCC_WARN_64_TO_32_BIT_CONVERSION = YES;
				GCC_WARN_ABOUT_RETURN_TYPE = YES_ERROR;
				GCC_WARN_UNDECLARED_SELECTOR = YES;
				GCC_WARN_UNINITIALIZED_AUTOS = YES_AGGRESSIVE;
				GCC_WARN_UNUSED_FUNCTION = YES;
				GCC_WARN_UNUSED_VARIABLE = YES;
				IPHONEOS_DEPLOYMENT_TARGET = 16.4;
				MTL_ENABLE_DEBUG_INFO = NO;
				MTL_FAST_MATH = YES;
				SDKROOT = iphoneos;
				SWIFT_COMPILATION_MODE = wholemodule;
				SWIFT_OPTIMIZATION_LEVEL = "-O";
				VALIDATE_PRODUCT = YES;
			};
			name = Release;
		};
		9BAA76192A84DA4B00ACD7A0 /* Debug */ = {
			isa = XCBuildConfiguration;
			buildSettings = {
				ASSETCATALOG_COMPILER_APPICON_NAME = AppIcon;
				ASSETCATALOG_COMPILER_GLOBAL_ACCENT_COLOR_NAME = AccentColor;
				CODE_SIGN_STYLE = Automatic;
				CURRENT_PROJECT_VERSION = 1;
				DEVELOPMENT_TEAM = WPX8MV29XR;
				GENERATE_INFOPLIST_FILE = YES;
				INFOPLIST_FILE = JICExample/Info.plist;
				INFOPLIST_KEY_UIApplicationSupportsIndirectInputEvents = YES;
				INFOPLIST_KEY_UILaunchStoryboardName = LaunchScreen;
				INFOPLIST_KEY_UISupportedInterfaceOrientations_iPad = "UIInterfaceOrientationPortrait UIInterfaceOrientationPortraitUpsideDown UIInterfaceOrientationLandscapeLeft UIInterfaceOrientationLandscapeRight";
				INFOPLIST_KEY_UISupportedInterfaceOrientations_iPhone = "UIInterfaceOrientationPortrait UIInterfaceOrientationLandscapeLeft UIInterfaceOrientationLandscapeRight";
				IPHONEOS_DEPLOYMENT_TARGET = 13.0;
				LD_RUNPATH_SEARCH_PATHS = (
					"$(inherited)",
					"@executable_path/Frameworks",
				);
				MARKETING_VERSION = 1.0;
				PRODUCT_BUNDLE_IDENTIFIER = com.jeongju9216.JICExample;
				PRODUCT_NAME = "$(TARGET_NAME)";
				SWIFT_EMIT_LOC_STRINGS = YES;
				SWIFT_VERSION = 5.0;
				TARGETED_DEVICE_FAMILY = "1,2";
			};
			name = Debug;
		};
		9BAA761A2A84DA4B00ACD7A0 /* Release */ = {
			isa = XCBuildConfiguration;
			buildSettings = {
				ASSETCATALOG_COMPILER_APPICON_NAME = AppIcon;
				ASSETCATALOG_COMPILER_GLOBAL_ACCENT_COLOR_NAME = AccentColor;
				CODE_SIGN_STYLE = Automatic;
				CURRENT_PROJECT_VERSION = 1;
				DEVELOPMENT_TEAM = WPX8MV29XR;
				GENERATE_INFOPLIST_FILE = YES;
				INFOPLIST_FILE = JICExample/Info.plist;
				INFOPLIST_KEY_UIApplicationSupportsIndirectInputEvents = YES;
				INFOPLIST_KEY_UILaunchStoryboardName = LaunchScreen;
				INFOPLIST_KEY_UISupportedInterfaceOrientations_iPad = "UIInterfaceOrientationPortrait UIInterfaceOrientationPortraitUpsideDown UIInterfaceOrientationLandscapeLeft UIInterfaceOrientationLandscapeRight";
				INFOPLIST_KEY_UISupportedInterfaceOrientations_iPhone = "UIInterfaceOrientationPortrait UIInterfaceOrientationLandscapeLeft UIInterfaceOrientationLandscapeRight";
				IPHONEOS_DEPLOYMENT_TARGET = 13.0;
				LD_RUNPATH_SEARCH_PATHS = (
					"$(inherited)",
					"@executable_path/Frameworks",
				);
				MARKETING_VERSION = 1.0;
				PRODUCT_BUNDLE_IDENTIFIER = com.jeongju9216.JICExample;
				PRODUCT_NAME = "$(TARGET_NAME)";
				SWIFT_EMIT_LOC_STRINGS = YES;
				SWIFT_VERSION = 5.0;
				TARGETED_DEVICE_FAMILY = "1,2";
			};
			name = Release;
		};
/* End XCBuildConfiguration section */

/* Begin XCConfigurationList section */
		9BAA75FF2A84DA4A00ACD7A0 /* Build configuration list for PBXProject "JICExample" */ = {
			isa = XCConfigurationList;
			buildConfigurations = (
				9BAA76162A84DA4B00ACD7A0 /* Debug */,
				9BAA76172A84DA4B00ACD7A0 /* Release */,
			);
			defaultConfigurationIsVisible = 0;
			defaultConfigurationName = Release;
		};
		9BAA76182A84DA4B00ACD7A0 /* Build configuration list for PBXNativeTarget "JICExample" */ = {
			isa = XCConfigurationList;
			buildConfigurations = (
				9BAA76192A84DA4B00ACD7A0 /* Debug */,
				9BAA761A2A84DA4B00ACD7A0 /* Release */,
			);
			defaultConfigurationIsVisible = 0;
			defaultConfigurationName = Release;
		};
/* End XCConfigurationList section */

/* Begin XCRemoteSwiftPackageReference section */
		9BAA761F2A84DFC700ACD7A0 /* XCRemoteSwiftPackageReference "Kingfisher" */ = {
			isa = XCRemoteSwiftPackageReference;
			repositoryURL = "https://github.com/onevcat/Kingfisher";
			requirement = {
				kind = upToNextMajorVersion;
				minimumVersion = 7.0.0;
			};
		};
/* End XCRemoteSwiftPackageReference section */

/* Begin XCSwiftPackageProductDependency section */
		9BAA76202A84DFC700ACD7A0 /* Kingfisher */ = {
			isa = XCSwiftPackageProductDependency;
			package = 9BAA761F2A84DFC700ACD7A0 /* XCRemoteSwiftPackageReference "Kingfisher" */;
			productName = Kingfisher;
		};
/* End XCSwiftPackageProductDependency section */
	};
	rootObject = 9BAA75FC2A84DA4A00ACD7A0 /* Project object */;
}
