// !$*UTF8*$!
{
	archiveVersion = 1;
	classes = {
	};
	objectVersion = 56;
	objects = {

/* Begin PBXBuildFile section */
		9B17C3DF29F7EC1400E80721 /* AppDelegate.swift in Sources */ = {isa = PBXBuildFile; fileRef = 9B17C3DE29F7EC1400E80721 /* AppDelegate.swift */; };
		9B17C3E129F7EC1400E80721 /* SceneDelegate.swift in Sources */ = {isa = PBXBuildFile; fileRef = 9B17C3E029F7EC1400E80721 /* SceneDelegate.swift */; };
		9B17C3E329F7EC1400E80721 /* ViewController.swift in Sources */ = {isa = PBXBuildFile; fileRef = 9B17C3E229F7EC1400E80721 /* ViewController.swift */; };
		9B17C3E629F7EC1400E80721 /* Main.storyboard in Resources */ = {isa = PBXBuildFile; fileRef = 9B17C3E429F7EC1400E80721 /* Main.storyboard */; };
		9B17C3E829F7EC1500E80721 /* Assets.xcassets in Resources */ = {isa = PBXBuildFile; fileRef = 9B17C3E729F7EC1500E80721 /* Assets.xcassets */; };
		9B17C3EB29F7EC1500E80721 /* LaunchScreen.storyboard in Resources */ = {isa = PBXBuildFile; fileRef = 9B17C3E929F7EC1500E80721 /* LaunchScreen.storyboard */; };
		9B17C3F629F7EC1500E80721 /* ExampleUnitTestTests.swift in Sources */ = {isa = PBXBuildFile; fileRef = 9B17C3F529F7EC1500E80721 /* ExampleUnitTestTests.swift */; };
		9B17C40029F7EC1500E80721 /* ExampleUnitTestUITests.swift in Sources */ = {isa = PBXBuildFile; fileRef = 9B17C3FF29F7EC1500E80721 /* ExampleUnitTestUITests.swift */; };
		9B17C40229F7EC1500E80721 /* ExampleUnitTestUITestsLaunchTests.swift in Sources */ = {isa = PBXBuildFile; fileRef = 9B17C40129F7EC1500E80721 /* ExampleUnitTestUITestsLaunchTests.swift */; };
/* End PBXBuildFile section */

/* Begin PBXContainerItemProxy section */
		9B17C3F229F7EC1500E80721 /* PBXContainerItemProxy */ = {
			isa = PBXContainerItemProxy;
			containerPortal = 9B17C3D329F7EC1400E80721 /* Project object */;
			proxyType = 1;
			remoteGlobalIDString = 9B17C3DA29F7EC1400E80721;
			remoteInfo = ExampleUnitTest;
		};
		9B17C3FC29F7EC1500E80721 /* PBXContainerItemProxy */ = {
			isa = PBXContainerItemProxy;
			containerPortal = 9B17C3D329F7EC1400E80721 /* Project object */;
			proxyType = 1;
			remoteGlobalIDString = 9B17C3DA29F7EC1400E80721;
			remoteInfo = ExampleUnitTest;
		};
/* End PBXContainerItemProxy section */

/* Begin PBXFileReference section */
		9B17C3DB29F7EC1400E80721 /* ExampleUnitTest.app */ = {isa = PBXFileReference; explicitFileType = wrapper.application; includeInIndex = 0; path = ExampleUnitTest.app; sourceTree = BUILT_PRODUCTS_DIR; };
		9B17C3DE29F7EC1400E80721 /* AppDelegate.swift */ = {isa = PBXFileReference; lastKnownFileType = sourcecode.swift; path = AppDelegate.swift; sourceTree = "<group>"; };
		9B17C3E029F7EC1400E80721 /* SceneDelegate.swift */ = {isa = PBXFileReference; lastKnownFileType = sourcecode.swift; path = SceneDelegate.swift; sourceTree = "<group>"; };
		9B17C3E229F7EC1400E80721 /* ViewController.swift */ = {isa = PBXFileReference; lastKnownFileType = sourcecode.swift; path = ViewController.swift; sourceTree = "<group>"; };
		9B17C3E529F7EC1400E80721 /* Base */ = {isa = PBXFileReference; lastKnownFileType = file.storyboard; name = Base; path = Base.lproj/Main.storyboard; sourceTree = "<group>"; };
		9B17C3E729F7EC1500E80721 /* Assets.xcassets */ = {isa = PBXFileReference; lastKnownFileType = folder.assetcatalog; path = Assets.xcassets; sourceTree = "<group>"; };
		9B17C3EA29F7EC1500E80721 /* Base */ = {isa = PBXFileReference; lastKnownFileType = file.storyboard; name = Base; path = Base.lproj/LaunchScreen.storyboard; sourceTree = "<group>"; };
		9B17C3EC29F7EC1500E80721 /* Info.plist */ = {isa = PBXFileReference; lastKnownFileType = text.plist.xml; path = Info.plist; sourceTree = "<group>"; };
		9B17C3F129F7EC1500E80721 /* ExampleUnitTestTests.xctest */ = {isa = PBXFileReference; explicitFileType = wrapper.cfbundle; includeInIndex = 0; path = ExampleUnitTestTests.xctest; sourceTree = BUILT_PRODUCTS_DIR; };
		9B17C3F529F7EC1500E80721 /* ExampleUnitTestTests.swift */ = {isa = PBXFileReference; lastKnownFileType = sourcecode.swift; path = ExampleUnitTestTests.swift; sourceTree = "<group>"; };
		9B17C3FB29F7EC1500E80721 /* ExampleUnitTestUITests.xctest */ = {isa = PBXFileReference; explicitFileType = wrapper.cfbundle; includeInIndex = 0; path = ExampleUnitTestUITests.xctest; sourceTree = BUILT_PRODUCTS_DIR; };
		9B17C3FF29F7EC1500E80721 /* ExampleUnitTestUITests.swift */ = {isa = PBXFileReference; lastKnownFileType = sourcecode.swift; path = ExampleUnitTestUITests.swift; sourceTree = "<group>"; };
		9B17C40129F7EC1500E80721 /* ExampleUnitTestUITestsLaunchTests.swift */ = {isa = PBXFileReference; lastKnownFileType = sourcecode.swift; path = ExampleUnitTestUITestsLaunchTests.swift; sourceTree = "<group>"; };
/* End PBXFileReference section */

/* Begin PBXFrameworksBuildPhase section */
		9B17C3D829F7EC1400E80721 /* Frameworks */ = {
			isa = PBXFrameworksBuildPhase;
			buildActionMask = 2147483647;
			files = (
			);
			runOnlyForDeploymentPostprocessing = 0;
		};
		9B17C3EE29F7EC1500E80721 /* Frameworks */ = {
			isa = PBXFrameworksBuildPhase;
			buildActionMask = 2147483647;
			files = (
			);
			runOnlyForDeploymentPostprocessing = 0;
		};
		9B17C3F829F7EC1500E80721 /* Frameworks */ = {
			isa = PBXFrameworksBuildPhase;
			buildActionMask = 2147483647;
			files = (
			);
			runOnlyForDeploymentPostprocessing = 0;
		};
/* End PBXFrameworksBuildPhase section */

/* Begin PBXGroup section */
		9B17C3D229F7EC1400E80721 = {
			isa = PBXGroup;
			children = (
				9B17C3DD29F7EC1400E80721 /* ExampleUnitTest */,
				9B17C3F429F7EC1500E80721 /* ExampleUnitTestTests */,
				9B17C3FE29F7EC1500E80721 /* ExampleUnitTestUITests */,
				9B17C3DC29F7EC1400E80721 /* Products */,
			);
			sourceTree = "<group>";
		};
		9B17C3DC29F7EC1400E80721 /* Products */ = {
			isa = PBXGroup;
			children = (
				9B17C3DB29F7EC1400E80721 /* ExampleUnitTest.app */,
				9B17C3F129F7EC1500E80721 /* ExampleUnitTestTests.xctest */,
				9B17C3FB29F7EC1500E80721 /* ExampleUnitTestUITests.xctest */,
			);
			name = Products;
			sourceTree = "<group>";
		};
		9B17C3DD29F7EC1400E80721 /* ExampleUnitTest */ = {
			isa = PBXGroup;
			children = (
				9B17C3DE29F7EC1400E80721 /* AppDelegate.swift */,
				9B17C3E029F7EC1400E80721 /* SceneDelegate.swift */,
				9B17C3E229F7EC1400E80721 /* ViewController.swift */,
				9B17C3E429F7EC1400E80721 /* Main.storyboard */,
				9B17C3E729F7EC1500E80721 /* Assets.xcassets */,
				9B17C3E929F7EC1500E80721 /* LaunchScreen.storyboard */,
				9B17C3EC29F7EC1500E80721 /* Info.plist */,
			);
			path = ExampleUnitTest;
			sourceTree = "<group>";
		};
		9B17C3F429F7EC1500E80721 /* ExampleUnitTestTests */ = {
			isa = PBXGroup;
			children = (
				9B17C3F529F7EC1500E80721 /* ExampleUnitTestTests.swift */,
			);
			path = ExampleUnitTestTests;
			sourceTree = "<group>";
		};
		9B17C3FE29F7EC1500E80721 /* ExampleUnitTestUITests */ = {
			isa = PBXGroup;
			children = (
				9B17C3FF29F7EC1500E80721 /* ExampleUnitTestUITests.swift */,
				9B17C40129F7EC1500E80721 /* ExampleUnitTestUITestsLaunchTests.swift */,
			);
			path = ExampleUnitTestUITests;
			sourceTree = "<group>";
		};
/* End PBXGroup section */

/* Begin PBXNativeTarget section */
		9B17C3DA29F7EC1400E80721 /* ExampleUnitTest */ = {
			isa = PBXNativeTarget;
			buildConfigurationList = 9B17C40529F7EC1500E80721 /* Build configuration list for PBXNativeTarget "ExampleUnitTest" */;
			buildPhases = (
				9B17C3D729F7EC1400E80721 /* Sources */,
				9B17C3D829F7EC1400E80721 /* Frameworks */,
				9B17C3D929F7EC1400E80721 /* Resources */,
			);
			buildRules = (
			);
			dependencies = (
			);
			name = ExampleUnitTest;
			productName = ExampleUnitTest;
			productReference = 9B17C3DB29F7EC1400E80721 /* ExampleUnitTest.app */;
			productType = "com.apple.product-type.application";
		};
		9B17C3F029F7EC1500E80721 /* ExampleUnitTestTests */ = {
			isa = PBXNativeTarget;
			buildConfigurationList = 9B17C40829F7EC1500E80721 /* Build configuration list for PBXNativeTarget "ExampleUnitTestTests" */;
			buildPhases = (
				9B17C3ED29F7EC1500E80721 /* Sources */,
				9B17C3EE29F7EC1500E80721 /* Frameworks */,
				9B17C3EF29F7EC1500E80721 /* Resources */,
			);
			buildRules = (
			);
			dependencies = (
				9B17C3F329F7EC1500E80721 /* PBXTargetDependency */,
			);
			name = ExampleUnitTestTests;
			productName = ExampleUnitTestTests;
			productReference = 9B17C3F129F7EC1500E80721 /* ExampleUnitTestTests.xctest */;
			productType = "com.apple.product-type.bundle.unit-test";
		};
		9B17C3FA29F7EC1500E80721 /* ExampleUnitTestUITests */ = {
			isa = PBXNativeTarget;
			buildConfigurationList = 9B17C40B29F7EC1500E80721 /* Build configuration list for PBXNativeTarget "ExampleUnitTestUITests" */;
			buildPhases = (
				9B17C3F729F7EC1500E80721 /* Sources */,
				9B17C3F829F7EC1500E80721 /* Frameworks */,
				9B17C3F929F7EC1500E80721 /* Resources */,
			);
			buildRules = (
			);
			dependencies = (
				9B17C3FD29F7EC1500E80721 /* PBXTargetDependency */,
			);
			name = ExampleUnitTestUITests;
			productName = ExampleUnitTestUITests;
			productReference = 9B17C3FB29F7EC1500E80721 /* ExampleUnitTestUITests.xctest */;
			productType = "com.apple.product-type.bundle.ui-testing";
		};
/* End PBXNativeTarget section */

/* Begin PBXProject section */
		9B17C3D329F7EC1400E80721 /* Project object */ = {
			isa = PBXProject;
			attributes = {
				BuildIndependentTargetsInParallel = 1;
				LastSwiftUpdateCheck = 1430;
				LastUpgradeCheck = 1430;
				TargetAttributes = {
					9B17C3DA29F7EC1400E80721 = {
						CreatedOnToolsVersion = 14.3;
					};
					9B17C3F029F7EC1500E80721 = {
						CreatedOnToolsVersion = 14.3;
						TestTargetID = 9B17C3DA29F7EC1400E80721;
					};
					9B17C3FA29F7EC1500E80721 = {
						CreatedOnToolsVersion = 14.3;
						TestTargetID = 9B17C3DA29F7EC1400E80721;
					};
				};
			};
			buildConfigurationList = 9B17C3D629F7EC1400E80721 /* Build configuration list for PBXProject "ExampleUnitTest" */;
			compatibilityVersion = "Xcode 14.0";
			developmentRegion = en;
			hasScannedForEncodings = 0;
			knownRegions = (
				en,
				Base,
			);
			mainGroup = 9B17C3D229F7EC1400E80721;
			productRefGroup = 9B17C3DC29F7EC1400E80721 /* Products */;
			projectDirPath = "";
			projectRoot = "";
			targets = (
				9B17C3DA29F7EC1400E80721 /* ExampleUnitTest */,
				9B17C3F029F7EC1500E80721 /* ExampleUnitTestTests */,
				9B17C3FA29F7EC1500E80721 /* ExampleUnitTestUITests */,
			);
		};
/* End PBXProject section */

/* Begin PBXResourcesBuildPhase section */
		9B17C3D929F7EC1400E80721 /* Resources */ = {
			isa = PBXResourcesBuildPhase;
			buildActionMask = 2147483647;
			files = (
				9B17C3EB29F7EC1500E80721 /* LaunchScreen.storyboard in Resources */,
				9B17C3E829F7EC1500E80721 /* Assets.xcassets in Resources */,
				9B17C3E629F7EC1400E80721 /* Main.storyboard in Resources */,
			);
			runOnlyForDeploymentPostprocessing = 0;
		};
		9B17C3EF29F7EC1500E80721 /* Resources */ = {
			isa = PBXResourcesBuildPhase;
			buildActionMask = 2147483647;
			files = (
			);
			runOnlyForDeploymentPostprocessing = 0;
		};
		9B17C3F929F7EC1500E80721 /* Resources */ = {
			isa = PBXResourcesBuildPhase;
			buildActionMask = 2147483647;
			files = (
			);
			runOnlyForDeploymentPostprocessing = 0;
		};
/* End PBXResourcesBuildPhase section */

/* Begin PBXSourcesBuildPhase section */
		9B17C3D729F7EC1400E80721 /* Sources */ = {
			isa = PBXSourcesBuildPhase;
			buildActionMask = 2147483647;
			files = (
				9B17C3E329F7EC1400E80721 /* ViewController.swift in Sources */,
				9B17C3DF29F7EC1400E80721 /* AppDelegate.swift in Sources */,
				9B17C3E129F7EC1400E80721 /* SceneDelegate.swift in Sources */,
			);
			runOnlyForDeploymentPostprocessing = 0;
		};
		9B17C3ED29F7EC1500E80721 /* Sources */ = {
			isa = PBXSourcesBuildPhase;
			buildActionMask = 2147483647;
			files = (
				9B17C3F629F7EC1500E80721 /* ExampleUnitTestTests.swift in Sources */,
			);
			runOnlyForDeploymentPostprocessing = 0;
		};
		9B17C3F729F7EC1500E80721 /* Sources */ = {
			isa = PBXSourcesBuildPhase;
			buildActionMask = 2147483647;
			files = (
				9B17C40029F7EC1500E80721 /* ExampleUnitTestUITests.swift in Sources */,
				9B17C40229F7EC1500E80721 /* ExampleUnitTestUITestsLaunchTests.swift in Sources */,
			);
			runOnlyForDeploymentPostprocessing = 0;
		};
/* End PBXSourcesBuildPhase section */

/* Begin PBXTargetDependency section */
		9B17C3F329F7EC1500E80721 /* PBXTargetDependency */ = {
			isa = PBXTargetDependency;
			target = 9B17C3DA29F7EC1400E80721 /* ExampleUnitTest */;
			targetProxy = 9B17C3F229F7EC1500E80721 /* PBXContainerItemProxy */;
		};
		9B17C3FD29F7EC1500E80721 /* PBXTargetDependency */ = {
			isa = PBXTargetDependency;
			target = 9B17C3DA29F7EC1400E80721 /* ExampleUnitTest */;
			targetProxy = 9B17C3FC29F7EC1500E80721 /* PBXContainerItemProxy */;
		};
/* End PBXTargetDependency section */

/* Begin PBXVariantGroup section */
		9B17C3E429F7EC1400E80721 /* Main.storyboard */ = {
			isa = PBXVariantGroup;
			children = (
				9B17C3E529F7EC1400E80721 /* Base */,
			);
			name = Main.storyboard;
			sourceTree = "<group>";
		};
		9B17C3E929F7EC1500E80721 /* LaunchScreen.storyboard */ = {
			isa = PBXVariantGroup;
			children = (
				9B17C3EA29F7EC1500E80721 /* Base */,
			);
			name = LaunchScreen.storyboard;
			sourceTree = "<group>";
		};
/* End PBXVariantGroup section */

/* Begin XCBuildConfiguration section */
		9B17C40329F7EC1500E80721 /* Debug */ = {
			isa = XCBuildConfiguration;
			buildSettings = {
				ALWAYS_SEARCH_USER_PATHS = NO;
				CLANG_ANALYZER_NONNULL = YES;
				CLANG_ANALYZER_NUMBER_OBJECT_CONVERSION = YES_AGGRESSIVE;
				CLANG_CXX_LANGUAGE_STANDARD = "gnu++20";
				CLANG_ENABLE_MODULES = YES;
				CLANG_ENABLE_OBJC_ARC = YES;
				CLANG_ENABLE_OBJC_WEAK = YES;
				CLANG_WARN_BLOCK_CAPTURE_AUTORELEASING = YES;
				CLANG_WARN_BOOL_CONVERSION = YES;
				CLANG_WARN_COMMA = YES;
				CLANG_WARN_CONSTANT_CONVERSION = YES;
				CLANG_WARN_DEPRECATED_OBJC_IMPLEMENTATIONS = YES;
				CLANG_WARN_DIRECT_OBJC_ISA_USAGE = YES_ERROR;
				CLANG_WARN_DOCUMENTATION_COMMENTS = YES;
				CLANG_WARN_EMPTY_BODY = YES;
				CLANG_WARN_ENUM_CONVERSION = YES;
				CLANG_WARN_INFINITE_RECURSION = YES;
				CLANG_WARN_INT_CONVERSION = YES;
				CLANG_WARN_NON_LITERAL_NULL_CONVERSION = YES;
				CLANG_WARN_OBJC_IMPLICIT_RETAIN_SELF = YES;
				CLANG_WARN_OBJC_LITERAL_CONVERSION = YES;
				CLANG_WARN_OBJC_ROOT_CLASS = YES_ERROR;
				CLANG_WARN_QUOTED_INCLUDE_IN_FRAMEWORK_HEADER = YES;
				CLANG_WARN_RANGE_LOOP_ANALYSIS = YES;
				CLANG_WARN_STRICT_PROTOTYPES = YES;
				CLANG_WARN_SUSPICIOUS_MOVE = YES;
				CLANG_WARN_UNGUARDED_AVAILABILITY = YES_AGGRESSIVE;
				CLANG_WARN_UNREACHABLE_CODE = YES;
				CLANG_WARN__DUPLICATE_METHOD_MATCH = YES;
				COPY_PHASE_STRIP = NO;
				DEBUG_INFORMATION_FORMAT = dwarf;
				ENABLE_STRICT_OBJC_MSGSEND = YES;
				ENABLE_TESTABILITY = YES;
				GCC_C_LANGUAGE_STANDARD = gnu11;
				GCC_DYNAMIC_NO_PIC = NO;
				GCC_NO_COMMON_BLOCKS = YES;
				GCC_OPTIMIZATION_LEVEL = 0;
				GCC_PREPROCESSOR_DEFINITIONS = (
					"DEBUG=1",
					"$(inherited)",
				);
				GCC_WARN_64_TO_32_BIT_CONVERSION = YES;
				GCC_WARN_ABOUT_RETURN_TYPE = YES_ERROR;
				GCC_WARN_UNDECLARED_SELECTOR = YES;
				GCC_WARN_UNINITIALIZED_AUTOS = YES_AGGRESSIVE;
				GCC_WARN_UNUSED_FUNCTION = YES;
				GCC_WARN_UNUSED_VARIABLE = YES;
				IPHONEOS_DEPLOYMENT_TARGET = 16.4;
				MTL_ENABLE_DEBUG_INFO = INCLUDE_SOURCE;
				MTL_FAST_MATH = YES;
				ONLY_ACTIVE_ARCH = YES;
				SDKROOT = iphoneos;
				SWIFT_ACTIVE_COMPILATION_CONDITIONS = DEBUG;
				SWIFT_OPTIMIZATION_LEVEL = "-Onone";
			};
			name = Debug;
		};
		9B17C40429F7EC1500E80721 /* Release */ = {
			isa = XCBuildConfiguration;
			buildSettings = {
				ALWAYS_SEARCH_USER_PATHS = NO;
				CLANG_ANALYZER_NONNULL = YES;
				CLANG_ANALYZER_NUMBER_OBJECT_CONVERSION = YES_AGGRESSIVE;
				CLANG_CXX_LANGUAGE_STANDARD = "gnu++20";
				CLANG_ENABLE_MODULES = YES;
				CLANG_ENABLE_OBJC_ARC = YES;
				CLANG_ENABLE_OBJC_WEAK = YES;
				CLANG_WARN_BLOCK_CAPTURE_AUTORELEASING = YES;
				CLANG_WARN_BOOL_CONVERSION = YES;
				CLANG_WARN_COMMA = YES;
				CLANG_WARN_CONSTANT_CONVERSION = YES;
				CLANG_WARN_DEPRECATED_OBJC_IMPLEMENTATIONS = YES;
				CLANG_WARN_DIRECT_OBJC_ISA_USAGE = YES_ERROR;
				CLANG_WARN_DOCUMENTATION_COMMENTS = YES;
				CLANG_WARN_EMPTY_BODY = YES;
				CLANG_WARN_ENUM_CONVERSION = YES;
				CLANG_WARN_INFINITE_RECURSION = YES;
				CLANG_WARN_INT_CONVERSION = YES;
				CLANG_WARN_NON_LITERAL_NULL_CONVERSION = YES;
				CLANG_WARN_OBJC_IMPLICIT_RETAIN_SELF = YES;
				CLANG_WARN_OBJC_LITERAL_CONVERSION = YES;
				CLANG_WARN_OBJC_ROOT_CLASS = YES_ERROR;
				CLANG_WARN_QUOTED_INCLUDE_IN_FRAMEWORK_HEADER = YES;
				CLANG_WARN_RANGE_LOOP_ANALYSIS = YES;
				CLANG_WARN_STRICT_PROTOTYPES = YES;
				CLANG_WARN_SUSPICIOUS_MOVE = YES;
				CLANG_WARN_UNGUARDED_AVAILABILITY = YES_AGGRESSIVE;
				CLANG_WARN_UNREACHABLE_CODE = YES;
				CLANG_WARN__DUPLICATE_METHOD_MATCH = YES;
				COPY_PHASE_STRIP = NO;
				DEBUG_INFORMATION_FORMAT = "dwarf-with-dsym";
				ENABLE_NS_ASSERTIONS = NO;
				ENABLE_STRICT_OBJC_MSGSEND = YES;
				GCC_C_LANGUAGE_STANDARD = gnu11;
				GCC_NO_COMMON_BLOCKS = YES;
				GCC_WARN_64_TO_32_BIT_CONVERSION = YES;
				GCC_WARN_ABOUT_RETURN_TYPE = YES_ERROR;
				GCC_WARN_UNDECLARED_SELECTOR = YES;
				GCC_WARN_UNINITIALIZED_AUTOS = YES_AGGRESSIVE;
				GCC_WARN_UNUSED_FUNCTION = YES;
				GCC_WARN_UNUSED_VARIABLE = YES;
				IPHONEOS_DEPLOYMENT_TARGET = 16.4;
				MTL_ENABLE_DEBUG_INFO = NO;
				MTL_FAST_MATH = YES;
				SDKROOT = iphoneos;
				SWIFT_COMPILATION_MODE = wholemodule;
				SWIFT_OPTIMIZATION_LEVEL = "-O";
				VALIDATE_PRODUCT = YES;
			};
			name = Release;
		};
		9B17C40629F7EC1500E80721 /* Debug */ = {
			isa = XCBuildConfiguration;
			buildSettings = {
				ASSETCATALOG_COMPILER_APPICON_NAME = AppIcon;
				ASSETCATALOG_COMPILER_GLOBAL_ACCENT_COLOR_NAME = AccentColor;
				CODE_SIGN_STYLE = Automatic;
				CURRENT_PROJECT_VERSION = 1;
				DEVELOPMENT_TEAM = WPX8MV29XR;
				GENERATE_INFOPLIST_FILE = YES;
				INFOPLIST_FILE = ExampleUnitTest/Info.plist;
				INFOPLIST_KEY_UIApplicationSupportsIndirectInputEvents = YES;
				INFOPLIST_KEY_UILaunchStoryboardName = LaunchScreen;
				INFOPLIST_KEY_UIMainStoryboardFile = Main;
				INFOPLIST_KEY_UISupportedInterfaceOrientations_iPad = "UIInterfaceOrientationPortrait UIInterfaceOrientationPortraitUpsideDown UIInterfaceOrientationLandscapeLeft UIInterfaceOrientationLandscapeRight";
				INFOPLIST_KEY_UISupportedInterfaceOrientations_iPhone = "UIInterfaceOrientationPortrait UIInterfaceOrientationLandscapeLeft UIInterfaceOrientationLandscapeRight";
				LD_RUNPATH_SEARCH_PATHS = (
					"$(inherited)",
					"@executable_path/Frameworks",
				);
				MARKETING_VERSION = 1.0;
				PRODUCT_BUNDLE_IDENTIFIER = com.jeong9216.ExampleUnitTest;
				PRODUCT_NAME = "$(TARGET_NAME)";
				SWIFT_EMIT_LOC_STRINGS = YES;
				SWIFT_VERSION = 5.0;
				TARGETED_DEVICE_FAMILY = "1,2";
			};
			name = Debug;
		};
		9B17C40729F7EC1500E80721 /* Release */ = {
			isa = XCBuildConfiguration;
			buildSettings = {
				ASSETCATALOG_COMPILER_APPICON_NAME = AppIcon;
				ASSETCATALOG_COMPILER_GLOBAL_ACCENT_COLOR_NAME = AccentColor;
				CODE_SIGN_STYLE = Automatic;
				CURRENT_PROJECT_VERSION = 1;
				DEVELOPMENT_TEAM = WPX8MV29XR;
				GENERATE_INFOPLIST_FILE = YES;
				INFOPLIST_FILE = ExampleUnitTest/Info.plist;
				INFOPLIST_KEY_UIApplicationSupportsIndirectInputEvents = YES;
				INFOPLIST_KEY_UILaunchStoryboardName = LaunchScreen;
				INFOPLIST_KEY_UIMainStoryboardFile = Main;
				INFOPLIST_KEY_UISupportedInterfaceOrientations_iPad = "UIInterfaceOrientationPortrait UIInterfaceOrientationPortraitUpsideDown UIInterfaceOrientationLandscapeLeft UIInterfaceOrientationLandscapeRight";
				INFOPLIST_KEY_UISupportedInterfaceOrientations_iPhone = "UIInterfaceOrientationPortrait UIInterfaceOrientationLandscapeLeft UIInterfaceOrientationLandscapeRight";
				LD_RUNPATH_SEARCH_PATHS = (
					"$(inherited)",
					"@executable_path/Frameworks",
				);
				MARKETING_VERSION = 1.0;
				PRODUCT_BUNDLE_IDENTIFIER = com.jeong9216.ExampleUnitTest;
				PRODUCT_NAME = "$(TARGET_NAME)";
				SWIFT_EMIT_LOC_STRINGS = YES;
				SWIFT_VERSION = 5.0;
				TARGETED_DEVICE_FAMILY = "1,2";
			};
			name = Release;
		};
		9B17C40929F7EC1500E80721 /* Debug */ = {
			isa = XCBuildConfiguration;
			buildSettings = {
				ALWAYS_EMBED_SWIFT_STANDARD_LIBRARIES = YES;
				BUNDLE_LOADER = "$(TEST_HOST)";
				CODE_SIGN_STYLE = Automatic;
				CURRENT_PROJECT_VERSION = 1;
				DEVELOPMENT_TEAM = WPX8MV29XR;
				GENERATE_INFOPLIST_FILE = YES;
				IPHONEOS_DEPLOYMENT_TARGET = 16.4;
				MARKETING_VERSION = 1.0;
				PRODUCT_BUNDLE_IDENTIFIER = com.jeong9216.ExampleUnitTestTests;
				PRODUCT_NAME = "$(TARGET_NAME)";
				SWIFT_EMIT_LOC_STRINGS = NO;
				SWIFT_VERSION = 5.0;
				TARGETED_DEVICE_FAMILY = "1,2";
				TEST_HOST = "$(BUILT_PRODUCTS_DIR)/ExampleUnitTest.app/$(BUNDLE_EXECUTABLE_FOLDER_PATH)/ExampleUnitTest";
			};
			name = Debug;
		};
		9B17C40A29F7EC1500E80721 /* Release */ = {
			isa = XCBuildConfiguration;
			buildSettings = {
				ALWAYS_EMBED_SWIFT_STANDARD_LIBRARIES = YES;
				BUNDLE_LOADER = "$(TEST_HOST)";
				CODE_SIGN_STYLE = Automatic;
				CURRENT_PROJECT_VERSION = 1;
				DEVELOPMENT_TEAM = WPX8MV29XR;
				GENERATE_INFOPLIST_FILE = YES;
				IPHONEOS_DEPLOYMENT_TARGET = 16.4;
				MARKETING_VERSION = 1.0;
				PRODUCT_BUNDLE_IDENTIFIER = com.jeong9216.ExampleUnitTestTests;
				PRODUCT_NAME = "$(TARGET_NAME)";
				SWIFT_EMIT_LOC_STRINGS = NO;
				SWIFT_VERSION = 5.0;
				TARGETED_DEVICE_FAMILY = "1,2";
				TEST_HOST = "$(BUILT_PRODUCTS_DIR)/ExampleUnitTest.app/$(BUNDLE_EXECUTABLE_FOLDER_PATH)/ExampleUnitTest";
			};
			name = Release;
		};
		9B17C40C29F7EC1500E80721 /* Debug */ = {
			isa = XCBuildConfiguration;
			buildSettings = {
				ALWAYS_EMBED_SWIFT_STANDARD_LIBRARIES = YES;
				CODE_SIGN_STYLE = Automatic;
				CURRENT_PROJECT_VERSION = 1;
				DEVELOPMENT_TEAM = WPX8MV29XR;
				GENERATE_INFOPLIST_FILE = YES;
				MARKETING_VERSION = 1.0;
				PRODUCT_BUNDLE_IDENTIFIER = com.jeong9216.ExampleUnitTestUITests;
				PRODUCT_NAME = "$(TARGET_NAME)";
				SWIFT_EMIT_LOC_STRINGS = NO;
				SWIFT_VERSION = 5.0;
				TARGETED_DEVICE_FAMILY = "1,2";
				TEST_TARGET_NAME = ExampleUnitTest;
			};
			name = Debug;
		};
		9B17C40D29F7EC1500E80721 /* Release */ = {
			isa = XCBuildConfiguration;
			buildSettings = {
				ALWAYS_EMBED_SWIFT_STANDARD_LIBRARIES = YES;
				CODE_SIGN_STYLE = Automatic;
				CURRENT_PROJECT_VERSION = 1;
				DEVELOPMENT_TEAM = WPX8MV29XR;
				GENERATE_INFOPLIST_FILE = YES;
				MARKETING_VERSION = 1.0;
				PRODUCT_BUNDLE_IDENTIFIER = com.jeong9216.ExampleUnitTestUITests;
				PRODUCT_NAME = "$(TARGET_NAME)";
				SWIFT_EMIT_LOC_STRINGS = NO;
				SWIFT_VERSION = 5.0;
				TARGETED_DEVICE_FAMILY = "1,2";
				TEST_TARGET_NAME = ExampleUnitTest;
			};
			name = Release;
		};
/* End XCBuildConfiguration section */

/* Begin XCConfigurationList section */
		9B17C3D629F7EC1400E80721 /* Build configuration list for PBXProject "ExampleUnitTest" */ = {
			isa = XCConfigurationList;
			buildConfigurations = (
				9B17C40329F7EC1500E80721 /* Debug */,
				9B17C40429F7EC1500E80721 /* Release */,
			);
			defaultConfigurationIsVisible = 0;
			defaultConfigurationName = Release;
		};
		9B17C40529F7EC1500E80721 /* Build configuration list for PBXNativeTarget "ExampleUnitTest" */ = {
			isa = XCConfigurationList;
			buildConfigurations = (
				9B17C40629F7EC1500E80721 /* Debug */,
				9B17C40729F7EC1500E80721 /* Release */,
			);
			defaultConfigurationIsVisible = 0;
			defaultConfigurationName = Release;
		};
		9B17C40829F7EC1500E80721 /* Build configuration list for PBXNativeTarget "ExampleUnitTestTests" */ = {
			isa = XCConfigurationList;
			buildConfigurations = (
				9B17C40929F7EC1500E80721 /* Debug */,
				9B17C40A29F7EC1500E80721 /* Release */,
			);
			defaultConfigurationIsVisible = 0;
			defaultConfigurationName = Release;
		};
		9B17C40B29F7EC1500E80721 /* Build configuration list for PBXNativeTarget "ExampleUnitTestUITests" */ = {
			isa = XCConfigurationList;
			buildConfigurations = (
				9B17C40C29F7EC1500E80721 /* Debug */,
				9B17C40D29F7EC1500E80721 /* Release */,
			);
			defaultConfigurationIsVisible = 0;
			defaultConfigurationName = Release;
		};
/* End XCConfigurationList section */
	};
	rootObject = 9B17C3D329F7EC1400E80721 /* Project object */;
}
