// !$*UTF8*$!
{
	archiveVersion = 1;
	classes = {
	};
	objectVersion = 55;
	objects = {

/* Begin PBXBuildFile section */
		9BF206D52896A99800820C6E /* protocol.swift in Sources */ = {isa = PBXBuildFile; fileRef = 9BF206D42896A99800820C6E /* protocol.swift */; };
/* End PBXBuildFile section */

/* Begin PBXCopyFilesBuildPhase section */
		9B90AB11288AD3C5004B2A06 /* CopyFiles */ = {
			isa = PBXCopyFilesBuildPhase;
			buildActionMask = 2147483647;
			dstPath = /usr/share/man/man1/;
			dstSubfolderSpec = 0;
			files = (
			);
			runOnlyForDeploymentPostprocessing = 1;
		};
/* End PBXCopyFilesBuildPhase section */

/* Begin PBXFileReference section */
		9B90AB13288AD3C5004B2A06 /* SwiftPractice */ = {isa = PBXFileReference; explicitFileType = "compiled.mach-o.executable"; includeInIndex = 0; path = SwiftPractice; sourceTree = BUILT_PRODUCTS_DIR; };
		9B90AB16288AD3C5004B2A06 /* ComputedProperty.swift */ = {isa = PBXFileReference; lastKnownFileType = sourcecode.swift; path = ComputedProperty.swift; sourceTree = "<group>"; };
		9B90AB1D288B82BB004B2A06 /* PropertyObserver.swift */ = {isa = PBXFileReference; lastKnownFileType = sourcecode.swift; path = PropertyObserver.swift; sourceTree = "<group>"; };
		9B90AB20288B9C5A004B2A06 /* TypeProperty.swift */ = {isa = PBXFileReference; lastKnownFileType = sourcecode.swift; path = TypeProperty.swift; sourceTree = "<group>"; };
		9B90AB22288C026D004B2A06 /* PropertyWrapper.swift */ = {isa = PBXFileReference; lastKnownFileType = sourcecode.swift; path = PropertyWrapper.swift; sourceTree = "<group>"; };
		9B90AB24288D2E6D004B2A06 /* mutatingStruct.swift */ = {isa = PBXFileReference; lastKnownFileType = sourcecode.swift; path = mutatingStruct.swift; sourceTree = "<group>"; };
		9B90AB27288D3655004B2A06 /* mutatingEnum.swift */ = {isa = PBXFileReference; lastKnownFileType = sourcecode.swift; path = mutatingEnum.swift; sourceTree = "<group>"; };
		9B90AB29288D387B004B2A06 /* Subscript.swift */ = {isa = PBXFileReference; lastKnownFileType = sourcecode.swift; path = Subscript.swift; sourceTree = "<group>"; };
		9B90AB2B288D3E8C004B2A06 /* PropertyObserver.swift */ = {isa = PBXFileReference; lastKnownFileType = sourcecode.swift; path = PropertyObserver.swift; sourceTree = "<group>"; };
		9BF206BD2893B50D00820C6E /* async.swift */ = {isa = PBXFileReference; lastKnownFileType = sourcecode.swift; path = async.swift; sourceTree = "<group>"; };
		9BF206D42896A99800820C6E /* protocol.swift */ = {isa = PBXFileReference; lastKnownFileType = sourcecode.swift; path = protocol.swift; sourceTree = "<group>"; };
		9BF206DD289809A500820C6E /* SerialConcurrent.swift */ = {isa = PBXFileReference; lastKnownFileType = sourcecode.swift; path = SerialConcurrent.swift; sourceTree = "<group>"; };
		9BF206FE289CEF1A00820C6E /* SyncAsync.swift */ = {isa = PBXFileReference; lastKnownFileType = sourcecode.swift; path = SyncAsync.swift; sourceTree = "<group>"; };
		9BF20700289CFDED00820C6E /* Deadlock.swift */ = {isa = PBXFileReference; lastKnownFileType = sourcecode.swift; path = Deadlock.swift; sourceTree = "<group>"; };
		9BFCBA8128A1030900B52A7C /* QoS.swift */ = {isa = PBXFileReference; lastKnownFileType = sourcecode.swift; path = QoS.swift; sourceTree = "<group>"; };
		9BFCBA8328A1D60C00B52A7C /* DispatchWorkItem.swift */ = {isa = PBXFileReference; lastKnownFileType = sourcecode.swift; path = DispatchWorkItem.swift; sourceTree = "<group>"; };
		9BFCBA8728A1DCC100B52A7C /* DynamicDispatch.swift */ = {isa = PBXFileReference; lastKnownFileType = sourcecode.swift; path = DynamicDispatch.swift; sourceTree = "<group>"; };
		9BFCBA9B28A3932F00B52A7C /* StaticDispatch.swift */ = {isa = PBXFileReference; lastKnownFileType = sourcecode.swift; path = StaticDispatch.swift; sourceTree = "<group>"; };
		9BFCBA9D28A3998D00B52A7C /* ProtocolDispatch.swift */ = {isa = PBXFileReference; lastKnownFileType = sourcecode.swift; path = ProtocolDispatch.swift; sourceTree = "<group>"; };
		9BFCBA9F28A3A1A400B52A7C /* finalKeyword.swift */ = {isa = PBXFileReference; lastKnownFileType = sourcecode.swift; path = finalKeyword.swift; sourceTree = "<group>"; };
		9BFCBAA128A3A31A00B52A7C /* privateKeyword.swift */ = {isa = PBXFileReference; lastKnownFileType = sourcecode.swift; path = privateKeyword.swift; sourceTree = "<group>"; };
		9BFCBAA328A481E000B52A7C /* InferenceAnnotation.swift */ = {isa = PBXFileReference; lastKnownFileType = sourcecode.swift; path = InferenceAnnotation.swift; sourceTree = "<group>"; };
		9BFCBAA628A48A9900B52A7C /* Annotation.swift */ = {isa = PBXFileReference; lastKnownFileType = sourcecode.swift; path = Annotation.swift; sourceTree = "<group>"; };
		9BFCBADF28A6270F00B52A7C /* UserDefaults1.swift */ = {isa = PBXFileReference; lastKnownFileType = sourcecode.swift; path = UserDefaults1.swift; sourceTree = "<group>"; };
		9BFCBAE228A627D000B52A7C /* UserDefaults2.swift */ = {isa = PBXFileReference; lastKnownFileType = sourcecode.swift; path = UserDefaults2.swift; sourceTree = "<group>"; };
		9BFCBAE428A62D4300B52A7C /* UserDefaults3.swift */ = {isa = PBXFileReference; lastKnownFileType = sourcecode.swift; path = UserDefaults3.swift; sourceTree = "<group>"; };
		9BFCBAE628A6321C00B52A7C /* UserDefaults4.swift */ = {isa = PBXFileReference; lastKnownFileType = sourcecode.swift; path = UserDefaults4.swift; sourceTree = "<group>"; };
		9BFCBAE828A6332600B52A7C /* UserDefaults5.swift */ = {isa = PBXFileReference; lastKnownFileType = sourcecode.swift; path = UserDefaults5.swift; sourceTree = "<group>"; };
		9BFCBAEC28A79BED00B52A7C /* Hashable1.swift */ = {isa = PBXFileReference; lastKnownFileType = sourcecode.swift; path = Hashable1.swift; sourceTree = "<group>"; };
		9BFCBAEF28A8988900B52A7C /* structHashable.swift */ = {isa = PBXFileReference; lastKnownFileType = sourcecode.swift; path = structHashable.swift; sourceTree = "<group>"; };
		9BFCBAF128A89BC500B52A7C /* classHashable.swift */ = {isa = PBXFileReference; lastKnownFileType = sourcecode.swift; path = classHashable.swift; sourceTree = "<group>"; };
		9BFCBAF328A89E4B00B52A7C /* classHashable2.swift */ = {isa = PBXFileReference; lastKnownFileType = sourcecode.swift; path = classHashable2.swift; sourceTree = "<group>"; };
		9BFCBAF528A8A13900B52A7C /* structHashable2.swift */ = {isa = PBXFileReference; lastKnownFileType = sourcecode.swift; path = structHashable2.swift; sourceTree = "<group>"; };
/* End PBXFileReference section */

/* Begin PBXFrameworksBuildPhase section */
		9B90AB10288AD3C5004B2A06 /* Frameworks */ = {
			isa = PBXFrameworksBuildPhase;
			buildActionMask = 2147483647;
			files = (
			);
			runOnlyForDeploymentPostprocessing = 0;
		};
/* End PBXFrameworksBuildPhase section */

/* Begin PBXGroup section */
		9B90AB0A288AD3C5004B2A06 = {
			isa = PBXGroup;
			children = (
				9B90AB15288AD3C5004B2A06 /* SwiftPractice */,
				9B90AB14288AD3C5004B2A06 /* Products */,
			);
			sourceTree = "<group>";
		};
		9B90AB14288AD3C5004B2A06 /* Products */ = {
			isa = PBXGroup;
			children = (
				9B90AB13288AD3C5004B2A06 /* SwiftPractice */,
			);
			name = Products;
			sourceTree = "<group>";
		};
		9B90AB15288AD3C5004B2A06 /* SwiftPractice */ = {
			isa = PBXGroup;
			children = (
				9BFCBAEE28A8952C00B52A7C /* Hashable */,
				9BFCBAE128A6278C00B52A7C /* UserDefaults */,
				9BFCBAA528A48A8600B52A7C /* InferenceAnnotation */,
				9BFCBA9A28A38A6500B52A7C /* MethodDispatch */,
				9BF206FD289CDFC000820C6E /* GCD */,
				9BF206D62896A99900820C6E /* Protocols */,
				9BF206BF2893B50F00820C6E /* Concurrency */,
				9B90AB2E28900B46004B2A06 /* Initialization */,
				9B90AB2D28900913004B2A06 /* Subscript */,
				9B90AB26288D3642004B2A06 /* Mutating */,
				9B90AB1F288B82C7004B2A06 /* Property */,
			);
			path = SwiftPractice;
			sourceTree = "<group>";
		};
		9B90AB1F288B82C7004B2A06 /* Property */ = {
			isa = PBXGroup;
			children = (
				9B90AB22288C026D004B2A06 /* PropertyWrapper.swift */,
				9B90AB16288AD3C5004B2A06 /* ComputedProperty.swift */,
				9B90AB1D288B82BB004B2A06 /* PropertyObserver.swift */,
				9B90AB20288B9C5A004B2A06 /* TypeProperty.swift */,
			);
			path = Property;
			sourceTree = "<group>";
		};
		9B90AB26288D3642004B2A06 /* Mutating */ = {
			isa = PBXGroup;
			children = (
				9B90AB24288D2E6D004B2A06 /* mutatingStruct.swift */,
				9B90AB27288D3655004B2A06 /* mutatingEnum.swift */,
			);
			path = Mutating;
			sourceTree = "<group>";
		};
		9B90AB2D28900913004B2A06 /* Subscript */ = {
			isa = PBXGroup;
			children = (
				9B90AB29288D387B004B2A06 /* Subscript.swift */,
			);
			path = Subscript;
			sourceTree = "<group>";
		};
		9B90AB2E28900B46004B2A06 /* Initialization */ = {
			isa = PBXGroup;
			children = (
				9B90AB2B288D3E8C004B2A06 /* PropertyObserver.swift */,
			);
			path = Initialization;
			sourceTree = "<group>";
		};
		9BF206BF2893B50F00820C6E /* Concurrency */ = {
			isa = PBXGroup;
			children = (
				9BF206BD2893B50D00820C6E /* async.swift */,
			);
			path = Concurrency;
			sourceTree = "<group>";
		};
		9BF206D62896A99900820C6E /* Protocols */ = {
			isa = PBXGroup;
			children = (
				9BF206D42896A99800820C6E /* protocol.swift */,
			);
			path = Protocols;
			sourceTree = "<group>";
		};
		9BF206FD289CDFC000820C6E /* GCD */ = {
			isa = PBXGroup;
			children = (
				9BF206DD289809A500820C6E /* SerialConcurrent.swift */,
				9BF206FE289CEF1A00820C6E /* SyncAsync.swift */,
				9BF20700289CFDED00820C6E /* Deadlock.swift */,
				9BFCBA8128A1030900B52A7C /* QoS.swift */,
				9BFCBA8328A1D60C00B52A7C /* DispatchWorkItem.swift */,
			);
			path = GCD;
			sourceTree = "<group>";
		};
		9BFCBA9A28A38A6500B52A7C /* MethodDispatch */ = {
			isa = PBXGroup;
			children = (
				9BFCBA8728A1DCC100B52A7C /* DynamicDispatch.swift */,
				9BFCBA9B28A3932F00B52A7C /* StaticDispatch.swift */,
				9BFCBA9D28A3998D00B52A7C /* ProtocolDispatch.swift */,
				9BFCBA9F28A3A1A400B52A7C /* finalKeyword.swift */,
				9BFCBAA128A3A31A00B52A7C /* privateKeyword.swift */,
			);
			path = MethodDispatch;
			sourceTree = "<group>";
		};
		9BFCBAA528A48A8600B52A7C /* InferenceAnnotation */ = {
			isa = PBXGroup;
			children = (
				9BFCBAA328A481E000B52A7C /* InferenceAnnotation.swift */,
				9BFCBAA628A48A9900B52A7C /* Annotation.swift */,
			);
			path = InferenceAnnotation;
			sourceTree = "<group>";
		};
		9BFCBAE128A6278C00B52A7C /* UserDefaults */ = {
			isa = PBXGroup;
			children = (
				9BFCBADF28A6270F00B52A7C /* UserDefaults1.swift */,
				9BFCBAE228A627D000B52A7C /* UserDefaults2.swift */,
				9BFCBAE428A62D4300B52A7C /* UserDefaults3.swift */,
				9BFCBAE628A6321C00B52A7C /* UserDefaults4.swift */,
				9BFCBAE828A6332600B52A7C /* UserDefaults5.swift */,
			);
			path = UserDefaults;
			sourceTree = "<group>";
		};
		9BFCBAEE28A8952C00B52A7C /* Hashable */ = {
			isa = PBXGroup;
			children = (
				9BFCBAEC28A79BED00B52A7C /* Hashable1.swift */,
				9BFCBAEF28A8988900B52A7C /* structHashable.swift */,
				9BFCBAF528A8A13900B52A7C /* structHashable2.swift */,
				9BFCBAF128A89BC500B52A7C /* classHashable.swift */,
				9BFCBAF328A89E4B00B52A7C /* classHashable2.swift */,
			);
			path = Hashable;
			sourceTree = "<group>";
		};
/* End PBXGroup section */

/* Begin PBXNativeTarget section */
		9B90AB12288AD3C5004B2A06 /* SwiftPractice */ = {
			isa = PBXNativeTarget;
			buildConfigurationList = 9B90AB1A288AD3C5004B2A06 /* Build configuration list for PBXNativeTarget "SwiftPractice" */;
			buildPhases = (
				9B90AB0F288AD3C5004B2A06 /* Sources */,
				9B90AB10288AD3C5004B2A06 /* Frameworks */,
				9B90AB11288AD3C5004B2A06 /* CopyFiles */,
			);
			buildRules = (
			);
			dependencies = (
			);
			name = SwiftPractice;
			productName = SwiftPractice;
			productReference = 9B90AB13288AD3C5004B2A06 /* SwiftPractice */;
			productType = "com.apple.product-type.tool";
		};
/* End PBXNativeTarget section */

/* Begin PBXProject section */
		9B90AB0B288AD3C5004B2A06 /* Project object */ = {
			isa = PBXProject;
			attributes = {
				BuildIndependentTargetsInParallel = 1;
				LastSwiftUpdateCheck = 1340;
				LastUpgradeCheck = 1340;
				TargetAttributes = {
					9B90AB12288AD3C5004B2A06 = {
						CreatedOnToolsVersion = 13.4.1;
						LastSwiftMigration = 1340;
					};
				};
			};
			buildConfigurationList = 9B90AB0E288AD3C5004B2A06 /* Build configuration list for PBXProject "SwiftPractice" */;
			compatibilityVersion = "Xcode 13.0";
			developmentRegion = en;
			hasScannedForEncodings = 0;
			knownRegions = (
				en,
				Base,
			);
			mainGroup = 9B90AB0A288AD3C5004B2A06;
			productRefGroup = 9B90AB14288AD3C5004B2A06 /* Products */;
			projectDirPath = "";
			projectRoot = "";
			targets = (
				9B90AB12288AD3C5004B2A06 /* SwiftPractice */,
			);
		};
/* End PBXProject section */

/* Begin PBXSourcesBuildPhase section */
		9B90AB0F288AD3C5004B2A06 /* Sources */ = {
			isa = PBXSourcesBuildPhase;
			buildActionMask = 2147483647;
			files = (
				9BF206D52896A99800820C6E /* protocol.swift in Sources */,
			);
			runOnlyForDeploymentPostprocessing = 0;
		};
/* End PBXSourcesBuildPhase section */

/* Begin XCBuildConfiguration section */
		9B90AB18288AD3C5004B2A06 /* Debug */ = {
			isa = XCBuildConfiguration;
			buildSettings = {
				ALWAYS_SEARCH_USER_PATHS = NO;
				CLANG_ANALYZER_NONNULL = YES;
				CLANG_ANALYZER_NUMBER_OBJECT_CONVERSION = YES_AGGRESSIVE;
				CLANG_CXX_LANGUAGE_STANDARD = "gnu++17";
				CLANG_ENABLE_MODULES = YES;
				CLANG_ENABLE_OBJC_ARC = YES;
				CLANG_ENABLE_OBJC_WEAK = YES;
				CLANG_WARN_BLOCK_CAPTURE_AUTORELEASING = YES;
				CLANG_WARN_BOOL_CONVERSION = YES;
				CLANG_WARN_COMMA = YES;
				CLANG_WARN_CONSTANT_CONVERSION = YES;
				CLANG_WARN_DEPRECATED_OBJC_IMPLEMENTATIONS = YES;
				CLANG_WARN_DIRECT_OBJC_ISA_USAGE = YES_ERROR;
				CLANG_WARN_DOCUMENTATION_COMMENTS = YES;
				CLANG_WARN_EMPTY_BODY = YES;
				CLANG_WARN_ENUM_CONVERSION = YES;
				CLANG_WARN_INFINITE_RECURSION = YES;
				CLANG_WARN_INT_CONVERSION = YES;
				CLANG_WARN_NON_LITERAL_NULL_CONVERSION = YES;
				CLANG_WARN_OBJC_IMPLICIT_RETAIN_SELF = YES;
				CLANG_WARN_OBJC_LITERAL_CONVERSION = YES;
				CLANG_WARN_OBJC_ROOT_CLASS = YES_ERROR;
				CLANG_WARN_QUOTED_INCLUDE_IN_FRAMEWORK_HEADER = YES;
				CLANG_WARN_RANGE_LOOP_ANALYSIS = YES;
				CLANG_WARN_STRICT_PROTOTYPES = YES;
				CLANG_WARN_SUSPICIOUS_MOVE = YES;
				CLANG_WARN_UNGUARDED_AVAILABILITY = YES_AGGRESSIVE;
				CLANG_WARN_UNREACHABLE_CODE = YES;
				CLANG_WARN__DUPLICATE_METHOD_MATCH = YES;
				COPY_PHASE_STRIP = NO;
				DEBUG_INFORMATION_FORMAT = dwarf;
				ENABLE_STRICT_OBJC_MSGSEND = YES;
				ENABLE_TESTABILITY = YES;
				GCC_C_LANGUAGE_STANDARD = gnu11;
				GCC_DYNAMIC_NO_PIC = NO;
				GCC_NO_COMMON_BLOCKS = YES;
				GCC_OPTIMIZATION_LEVEL = 0;
				GCC_PREPROCESSOR_DEFINITIONS = (
					"DEBUG=1",
					"$(inherited)",
				);
				GCC_WARN_64_TO_32_BIT_CONVERSION = YES;
				GCC_WARN_ABOUT_RETURN_TYPE = YES_ERROR;
				GCC_WARN_UNDECLARED_SELECTOR = YES;
				GCC_WARN_UNINITIALIZED_AUTOS = YES_AGGRESSIVE;
				GCC_WARN_UNUSED_FUNCTION = YES;
				GCC_WARN_UNUSED_VARIABLE = YES;
				MACOSX_DEPLOYMENT_TARGET = 12.3;
				MTL_ENABLE_DEBUG_INFO = INCLUDE_SOURCE;
				MTL_FAST_MATH = YES;
				ONLY_ACTIVE_ARCH = YES;
				SDKROOT = macosx;
				SWIFT_ACTIVE_COMPILATION_CONDITIONS = DEBUG;
				SWIFT_OPTIMIZATION_LEVEL = "-Onone";
			};
			name = Debug;
		};
		9B90AB19288AD3C5004B2A06 /* Release */ = {
			isa = XCBuildConfiguration;
			buildSettings = {
				ALWAYS_SEARCH_USER_PATHS = NO;
				CLANG_ANALYZER_NONNULL = YES;
				CLANG_ANALYZER_NUMBER_OBJECT_CONVERSION = YES_AGGRESSIVE;
				CLANG_CXX_LANGUAGE_STANDARD = "gnu++17";
				CLANG_ENABLE_MODULES = YES;
				CLANG_ENABLE_OBJC_ARC = YES;
				CLANG_ENABLE_OBJC_WEAK = YES;
				CLANG_WARN_BLOCK_CAPTURE_AUTORELEASING = YES;
				CLANG_WARN_BOOL_CONVERSION = YES;
				CLANG_WARN_COMMA = YES;
				CLANG_WARN_CONSTANT_CONVERSION = YES;
				CLANG_WARN_DEPRECATED_OBJC_IMPLEMENTATIONS = YES;
				CLANG_WARN_DIRECT_OBJC_ISA_USAGE = YES_ERROR;
				CLANG_WARN_DOCUMENTATION_COMMENTS = YES;
				CLANG_WARN_EMPTY_BODY = YES;
				CLANG_WARN_ENUM_CONVERSION = YES;
				CLANG_WARN_INFINITE_RECURSION = YES;
				CLANG_WARN_INT_CONVERSION = YES;
				CLANG_WARN_NON_LITERAL_NULL_CONVERSION = YES;
				CLANG_WARN_OBJC_IMPLICIT_RETAIN_SELF = YES;
				CLANG_WARN_OBJC_LITERAL_CONVERSION = YES;
				CLANG_WARN_OBJC_ROOT_CLASS = YES_ERROR;
				CLANG_WARN_QUOTED_INCLUDE_IN_FRAMEWORK_HEADER = YES;
				CLANG_WARN_RANGE_LOOP_ANALYSIS = YES;
				CLANG_WARN_STRICT_PROTOTYPES = YES;
				CLANG_WARN_SUSPICIOUS_MOVE = YES;
				CLANG_WARN_UNGUARDED_AVAILABILITY = YES_AGGRESSIVE;
				CLANG_WARN_UNREACHABLE_CODE = YES;
				CLANG_WARN__DUPLICATE_METHOD_MATCH = YES;
				COPY_PHASE_STRIP = NO;
				DEBUG_INFORMATION_FORMAT = "dwarf-with-dsym";
				ENABLE_NS_ASSERTIONS = NO;
				ENABLE_STRICT_OBJC_MSGSEND = YES;
				GCC_C_LANGUAGE_STANDARD = gnu11;
				GCC_NO_COMMON_BLOCKS = YES;
				GCC_WARN_64_TO_32_BIT_CONVERSION = YES;
				GCC_WARN_ABOUT_RETURN_TYPE = YES_ERROR;
				GCC_WARN_UNDECLARED_SELECTOR = YES;
				GCC_WARN_UNINITIALIZED_AUTOS = YES_AGGRESSIVE;
				GCC_WARN_UNUSED_FUNCTION = YES;
				GCC_WARN_UNUSED_VARIABLE = YES;
				MACOSX_DEPLOYMENT_TARGET = 12.3;
				MTL_ENABLE_DEBUG_INFO = NO;
				MTL_FAST_MATH = YES;
				SDKROOT = macosx;
				SWIFT_COMPILATION_MODE = wholemodule;
				SWIFT_OPTIMIZATION_LEVEL = "-O";
			};
			name = Release;
		};
		9B90AB1B288AD3C5004B2A06 /* Debug */ = {
			isa = XCBuildConfiguration;
			buildSettings = {
				CLANG_ENABLE_MODULES = YES;
				CODE_SIGN_STYLE = Automatic;
				DEVELOPMENT_TEAM = 5VPZU4RB4D;
				ENABLE_HARDENED_RUNTIME = YES;
				LD_RUNPATH_SEARCH_PATHS = (
					"$(inherited)",
					"@executable_path/../Frameworks",
					"@loader_path/../Frameworks",
				);
				PRODUCT_NAME = "$(TARGET_NAME)";
				SWIFT_OPTIMIZATION_LEVEL = "-Onone";
				SWIFT_VERSION = 5.0;
			};
			name = Debug;
		};
		9B90AB1C288AD3C5004B2A06 /* Release */ = {
			isa = XCBuildConfiguration;
			buildSettings = {
				CLANG_ENABLE_MODULES = YES;
				CODE_SIGN_STYLE = Automatic;
				DEVELOPMENT_TEAM = 5VPZU4RB4D;
				ENABLE_HARDENED_RUNTIME = YES;
				LD_RUNPATH_SEARCH_PATHS = (
					"$(inherited)",
					"@executable_path/../Frameworks",
					"@loader_path/../Frameworks",
				);
				PRODUCT_NAME = "$(TARGET_NAME)";
				SWIFT_VERSION = 5.0;
			};
			name = Release;
		};
/* End XCBuildConfiguration section */

/* Begin XCConfigurationList section */
		9B90AB0E288AD3C5004B2A06 /* Build configuration list for PBXProject "SwiftPractice" */ = {
			isa = XCConfigurationList;
			buildConfigurations = (
				9B90AB18288AD3C5004B2A06 /* Debug */,
				9B90AB19288AD3C5004B2A06 /* Release */,
			);
			defaultConfigurationIsVisible = 0;
			defaultConfigurationName = Release;
		};
		9B90AB1A288AD3C5004B2A06 /* Build configuration list for PBXNativeTarget "SwiftPractice" */ = {
			isa = XCConfigurationList;
			buildConfigurations = (
				9B90AB1B288AD3C5004B2A06 /* Debug */,
				9B90AB1C288AD3C5004B2A06 /* Release */,
			);
			defaultConfigurationIsVisible = 0;
			defaultConfigurationName = Release;
		};
/* End XCConfigurationList section */
	};
	rootObject = 9B90AB0B288AD3C5004B2A06 /* Project object */;
}
