// !$*UTF8*$!
{
	archiveVersion = 1;
	classes = {
	};
	objectVersion = 55;
	objects = {

/* Begin PBXBuildFile section */
		9BFCBAB528A4D19E00B52A7C /* AppDelegate.swift in Sources */ = {isa = PBXBuildFile; fileRef = 9BFCBAB428A4D19E00B52A7C /* AppDelegate.swift */; };
		9BFCBAB728A4D19E00B52A7C /* SceneDelegate.swift in Sources */ = {isa = PBXBuildFile; fileRef = 9BFCBAB628A4D19E00B52A7C /* SceneDelegate.swift */; };
		9BFCBAB928A4D19E00B52A7C /* ViewController.swift in Sources */ = {isa = PBXBuildFile; fileRef = 9BFCBAB828A4D19E00B52A7C /* ViewController.swift */; };
		9BFCBABC28A4D19E00B52A7C /* Main.storyboard in Resources */ = {isa = PBXBuildFile; fileRef = 9BFCBABA28A4D19E00B52A7C /* Main.storyboard */; };
		9BFCBABE28A4D19F00B52A7C /* Assets.xcassets in Resources */ = {isa = PBXBuildFile; fileRef = 9BFCBABD28A4D19F00B52A7C /* Assets.xcassets */; };
		9BFCBAC128A4D19F00B52A7C /* LaunchScreen.storyboard in Resources */ = {isa = PBXBuildFile; fileRef = 9BFCBABF28A4D19F00B52A7C /* LaunchScreen.storyboard */; };
		9BFCBAC928A4D1BD00B52A7C /* Human.swift in Sources */ = {isa = PBXBuildFile; fileRef = 9BFCBAC828A4D1BD00B52A7C /* Human.swift */; };
		9BFCBACB28A4D1C400B52A7C /* HumanViewModel.swift in Sources */ = {isa = PBXBuildFile; fileRef = 9BFCBACA28A4D1C400B52A7C /* HumanViewModel.swift */; };
		9BFCBAD028A4D61A00B52A7C /* Observable.swift in Sources */ = {isa = PBXBuildFile; fileRef = 9BFCBACF28A4D61A00B52A7C /* Observable.swift */; };
/* End PBXBuildFile section */

/* Begin PBXFileReference section */
		9BFCBAB128A4D19E00B52A7C /* MVMV_Example.app */ = {isa = PBXFileReference; explicitFileType = wrapper.application; includeInIndex = 0; path = MVMV_Example.app; sourceTree = BUILT_PRODUCTS_DIR; };
		9BFCBAB428A4D19E00B52A7C /* AppDelegate.swift */ = {isa = PBXFileReference; lastKnownFileType = sourcecode.swift; path = AppDelegate.swift; sourceTree = "<group>"; };
		9BFCBAB628A4D19E00B52A7C /* SceneDelegate.swift */ = {isa = PBXFileReference; lastKnownFileType = sourcecode.swift; path = SceneDelegate.swift; sourceTree = "<group>"; };
		9BFCBAB828A4D19E00B52A7C /* ViewController.swift */ = {isa = PBXFileReference; lastKnownFileType = sourcecode.swift; path = ViewController.swift; sourceTree = "<group>"; };
		9BFCBABB28A4D19E00B52A7C /* Base */ = {isa = PBXFileReference; lastKnownFileType = file.storyboard; name = Base; path = Base.lproj/Main.storyboard; sourceTree = "<group>"; };
		9BFCBABD28A4D19F00B52A7C /* Assets.xcassets */ = {isa = PBXFileReference; lastKnownFileType = folder.assetcatalog; path = Assets.xcassets; sourceTree = "<group>"; };
		9BFCBAC028A4D19F00B52A7C /* Base */ = {isa = PBXFileReference; lastKnownFileType = file.storyboard; name = Base; path = Base.lproj/LaunchScreen.storyboard; sourceTree = "<group>"; };
		9BFCBAC228A4D19F00B52A7C /* Info.plist */ = {isa = PBXFileReference; lastKnownFileType = text.plist.xml; path = Info.plist; sourceTree = "<group>"; };
		9BFCBAC828A4D1BD00B52A7C /* Human.swift */ = {isa = PBXFileReference; lastKnownFileType = sourcecode.swift; path = Human.swift; sourceTree = "<group>"; };
		9BFCBACA28A4D1C400B52A7C /* HumanViewModel.swift */ = {isa = PBXFileReference; lastKnownFileType = sourcecode.swift; path = HumanViewModel.swift; sourceTree = "<group>"; };
		9BFCBACF28A4D61A00B52A7C /* Observable.swift */ = {isa = PBXFileReference; lastKnownFileType = sourcecode.swift; path = Observable.swift; sourceTree = "<group>"; };
/* End PBXFileReference section */

/* Begin PBXFrameworksBuildPhase section */
		9BFCBAAE28A4D19E00B52A7C /* Frameworks */ = {
			isa = PBXFrameworksBuildPhase;
			buildActionMask = 2147483647;
			files = (
			);
			runOnlyForDeploymentPostprocessing = 0;
		};
/* End PBXFrameworksBuildPhase section */

/* Begin PBXGroup section */
		9BFCBAA828A4D19E00B52A7C = {
			isa = PBXGroup;
			children = (
				9BFCBAB328A4D19E00B52A7C /* MVMV_Example */,
				9BFCBAB228A4D19E00B52A7C /* Products */,
			);
			sourceTree = "<group>";
		};
		9BFCBAB228A4D19E00B52A7C /* Products */ = {
			isa = PBXGroup;
			children = (
				9BFCBAB128A4D19E00B52A7C /* MVMV_Example.app */,
			);
			name = Products;
			sourceTree = "<group>";
		};
		9BFCBAB328A4D19E00B52A7C /* MVMV_Example */ = {
			isa = PBXGroup;
			children = (
				9BFCBACE28A4D1DD00B52A7C /* ViewModel */,
				9BFCBACD28A4D1DB00B52A7C /* Model */,
				9BFCBACC28A4D1D800B52A7C /* View */,
				9BFCBAB428A4D19E00B52A7C /* AppDelegate.swift */,
				9BFCBAB628A4D19E00B52A7C /* SceneDelegate.swift */,
				9BFCBABA28A4D19E00B52A7C /* Main.storyboard */,
				9BFCBABD28A4D19F00B52A7C /* Assets.xcassets */,
				9BFCBABF28A4D19F00B52A7C /* LaunchScreen.storyboard */,
				9BFCBAC228A4D19F00B52A7C /* Info.plist */,
			);
			path = MVMV_Example;
			sourceTree = "<group>";
		};
		9BFCBACC28A4D1D800B52A7C /* View */ = {
			isa = PBXGroup;
			children = (
				9BFCBAB828A4D19E00B52A7C /* ViewController.swift */,
			);
			path = View;
			sourceTree = "<group>";
		};
		9BFCBACD28A4D1DB00B52A7C /* Model */ = {
			isa = PBXGroup;
			children = (
				9BFCBAC828A4D1BD00B52A7C /* Human.swift */,
				9BFCBACF28A4D61A00B52A7C /* Observable.swift */,
			);
			path = Model;
			sourceTree = "<group>";
		};
		9BFCBACE28A4D1DD00B52A7C /* ViewModel */ = {
			isa = PBXGroup;
			children = (
				9BFCBACA28A4D1C400B52A7C /* HumanViewModel.swift */,
			);
			path = ViewModel;
			sourceTree = "<group>";
		};
/* End PBXGroup section */

/* Begin PBXNativeTarget section */
		9BFCBAB028A4D19E00B52A7C /* MVMV_Example */ = {
			isa = PBXNativeTarget;
			buildConfigurationList = 9BFCBAC528A4D19F00B52A7C /* Build configuration list for PBXNativeTarget "MVMV_Example" */;
			buildPhases = (
				9BFCBAAD28A4D19E00B52A7C /* Sources */,
				9BFCBAAE28A4D19E00B52A7C /* Frameworks */,
				9BFCBAAF28A4D19E00B52A7C /* Resources */,
			);
			buildRules = (
			);
			dependencies = (
			);
			name = MVMV_Example;
			productName = MVMV_Example;
			productReference = 9BFCBAB128A4D19E00B52A7C /* MVMV_Example.app */;
			productType = "com.apple.product-type.application";
		};
/* End PBXNativeTarget section */

/* Begin PBXProject section */
		9BFCBAA928A4D19E00B52A7C /* Project object */ = {
			isa = PBXProject;
			attributes = {
				BuildIndependentTargetsInParallel = 1;
				LastSwiftUpdateCheck = 1340;
				LastUpgradeCheck = 1340;
				TargetAttributes = {
					9BFCBAB028A4D19E00B52A7C = {
						CreatedOnToolsVersion = 13.4.1;
					};
				};
			};
			buildConfigurationList = 9BFCBAAC28A4D19E00B52A7C /* Build configuration list for PBXProject "MVMV_Example" */;
			compatibilityVersion = "Xcode 13.0";
			developmentRegion = en;
			hasScannedForEncodings = 0;
			knownRegions = (
				en,
				Base,
			);
			mainGroup = 9BFCBAA828A4D19E00B52A7C;
			productRefGroup = 9BFCBAB228A4D19E00B52A7C /* Products */;
			projectDirPath = "";
			projectRoot = "";
			targets = (
				9BFCBAB028A4D19E00B52A7C /* MVMV_Example */,
			);
		};
/* End PBXProject section */

/* Begin PBXResourcesBuildPhase section */
		9BFCBAAF28A4D19E00B52A7C /* Resources */ = {
			isa = PBXResourcesBuildPhase;
			buildActionMask = 2147483647;
			files = (
				9BFCBAC128A4D19F00B52A7C /* LaunchScreen.storyboard in Resources */,
				9BFCBABE28A4D19F00B52A7C /* Assets.xcassets in Resources */,
				9BFCBABC28A4D19E00B52A7C /* Main.storyboard in Resources */,
			);
			runOnlyForDeploymentPostprocessing = 0;
		};
/* End PBXResourcesBuildPhase section */

/* Begin PBXSourcesBuildPhase section */
		9BFCBAAD28A4D19E00B52A7C /* Sources */ = {
			isa = PBXSourcesBuildPhase;
			buildActionMask = 2147483647;
			files = (
				9BFCBACB28A4D1C400B52A7C /* HumanViewModel.swift in Sources */,
				9BFCBAC928A4D1BD00B52A7C /* Human.swift in Sources */,
				9BFCBAB928A4D19E00B52A7C /* ViewController.swift in Sources */,
				9BFCBAB528A4D19E00B52A7C /* AppDelegate.swift in Sources */,
				9BFCBAD028A4D61A00B52A7C /* Observable.swift in Sources */,
				9BFCBAB728A4D19E00B52A7C /* SceneDelegate.swift in Sources */,
			);
			runOnlyForDeploymentPostprocessing = 0;
		};
/* End PBXSourcesBuildPhase section */

/* Begin PBXVariantGroup section */
		9BFCBABA28A4D19E00B52A7C /* Main.storyboard */ = {
			isa = PBXVariantGroup;
			children = (
				9BFCBABB28A4D19E00B52A7C /* Base */,
			);
			name = Main.storyboard;
			sourceTree = "<group>";
		};
		9BFCBABF28A4D19F00B52A7C /* LaunchScreen.storyboard */ = {
			isa = PBXVariantGroup;
			children = (
				9BFCBAC028A4D19F00B52A7C /* Base */,
			);
			name = LaunchScreen.storyboard;
			sourceTree = "<group>";
		};
/* End PBXVariantGroup section */

/* Begin XCBuildConfiguration section */
		9BFCBAC328A4D19F00B52A7C /* Debug */ = {
			isa = XCBuildConfiguration;
			buildSettings = {
				ALWAYS_SEARCH_USER_PATHS = NO;
				CLANG_ANALYZER_NONNULL = YES;
				CLANG_ANALYZER_NUMBER_OBJECT_CONVERSION = YES_AGGRESSIVE;
				CLANG_CXX_LANGUAGE_STANDARD = "gnu++17";
				CLANG_ENABLE_MODULES = YES;
				CLANG_ENABLE_OBJC_ARC = YES;
				CLANG_ENABLE_OBJC_WEAK = YES;
				CLANG_WARN_BLOCK_CAPTURE_AUTORELEASING = YES;
				CLANG_WARN_BOOL_CONVERSION = YES;
				CLANG_WARN_COMMA = YES;
				CLANG_WARN_CONSTANT_CONVERSION = YES;
				CLANG_WARN_DEPRECATED_OBJC_IMPLEMENTATIONS = YES;
				CLANG_WARN_DIRECT_OBJC_ISA_USAGE = YES_ERROR;
				CLANG_WARN_DOCUMENTATION_COMMENTS = YES;
				CLANG_WARN_EMPTY_BODY = YES;
				CLANG_WARN_ENUM_CONVERSION = YES;
				CLANG_WARN_INFINITE_RECURSION = YES;
				CLANG_WARN_INT_CONVERSION = YES;
				CLANG_WARN_NON_LITERAL_NULL_CONVERSION = YES;
				CLANG_WARN_OBJC_IMPLICIT_RETAIN_SELF = YES;
				CLANG_WARN_OBJC_LITERAL_CONVERSION = YES;
				CLANG_WARN_OBJC_ROOT_CLASS = YES_ERROR;
				CLANG_WARN_QUOTED_INCLUDE_IN_FRAMEWORK_HEADER = YES;
				CLANG_WARN_RANGE_LOOP_ANALYSIS = YES;
				CLANG_WARN_STRICT_PROTOTYPES = YES;
				CLANG_WARN_SUSPICIOUS_MOVE = YES;
				CLANG_WARN_UNGUARDED_AVAILABILITY = YES_AGGRESSIVE;
				CLANG_WARN_UNREACHABLE_CODE = YES;
				CLANG_WARN__DUPLICATE_METHOD_MATCH = YES;
				COPY_PHASE_STRIP = NO;
				DEBUG_INFORMATION_FORMAT = dwarf;
				ENABLE_STRICT_OBJC_MSGSEND = YES;
				ENABLE_TESTABILITY = YES;
				GCC_C_LANGUAGE_STANDARD = gnu11;
				GCC_DYNAMIC_NO_PIC = NO;
				GCC_NO_COMMON_BLOCKS = YES;
				GCC_OPTIMIZATION_LEVEL = 0;
				GCC_PREPROCESSOR_DEFINITIONS = (
					"DEBUG=1",
					"$(inherited)",
				);
				GCC_WARN_64_TO_32_BIT_CONVERSION = YES;
				GCC_WARN_ABOUT_RETURN_TYPE = YES_ERROR;
				GCC_WARN_UNDECLARED_SELECTOR = YES;
				GCC_WARN_UNINITIALIZED_AUTOS = YES_AGGRESSIVE;
				GCC_WARN_UNUSED_FUNCTION = YES;
				GCC_WARN_UNUSED_VARIABLE = YES;
				IPHONEOS_DEPLOYMENT_TARGET = 15.5;
				MTL_ENABLE_DEBUG_INFO = INCLUDE_SOURCE;
				MTL_FAST_MATH = YES;
				ONLY_ACTIVE_ARCH = YES;
				SDKROOT = iphoneos;
				SWIFT_ACTIVE_COMPILATION_CONDITIONS = DEBUG;
				SWIFT_OPTIMIZATION_LEVEL = "-Onone";
			};
			name = Debug;
		};
		9BFCBAC428A4D19F00B52A7C /* Release */ = {
			isa = XCBuildConfiguration;
			buildSettings = {
				ALWAYS_SEARCH_USER_PATHS = NO;
				CLANG_ANALYZER_NONNULL = YES;
				CLANG_ANALYZER_NUMBER_OBJECT_CONVERSION = YES_AGGRESSIVE;
				CLANG_CXX_LANGUAGE_STANDARD = "gnu++17";
				CLANG_ENABLE_MODULES = YES;
				CLANG_ENABLE_OBJC_ARC = YES;
				CLANG_ENABLE_OBJC_WEAK = YES;
				CLANG_WARN_BLOCK_CAPTURE_AUTORELEASING = YES;
				CLANG_WARN_BOOL_CONVERSION = YES;
				CLANG_WARN_COMMA = YES;
				CLANG_WARN_CONSTANT_CONVERSION = YES;
				CLANG_WARN_DEPRECATED_OBJC_IMPLEMENTATIONS = YES;
				CLANG_WARN_DIRECT_OBJC_ISA_USAGE = YES_ERROR;
				CLANG_WARN_DOCUMENTATION_COMMENTS = YES;
				CLANG_WARN_EMPTY_BODY = YES;
				CLANG_WARN_ENUM_CONVERSION = YES;
				CLANG_WARN_INFINITE_RECURSION = YES;
				CLANG_WARN_INT_CONVERSION = YES;
				CLANG_WARN_NON_LITERAL_NULL_CONVERSION = YES;
				CLANG_WARN_OBJC_IMPLICIT_RETAIN_SELF = YES;
				CLANG_WARN_OBJC_LITERAL_CONVERSION = YES;
				CLANG_WARN_OBJC_ROOT_CLASS = YES_ERROR;
				CLANG_WARN_QUOTED_INCLUDE_IN_FRAMEWORK_HEADER = YES;
				CLANG_WARN_RANGE_LOOP_ANALYSIS = YES;
				CLANG_WARN_STRICT_PROTOTYPES = YES;
				CLANG_WARN_SUSPICIOUS_MOVE = YES;
				CLANG_WARN_UNGUARDED_AVAILABILITY = YES_AGGRESSIVE;
				CLANG_WARN_UNREACHABLE_CODE = YES;
				CLANG_WARN__DUPLICATE_METHOD_MATCH = YES;
				COPY_PHASE_STRIP = NO;
				DEBUG_INFORMATION_FORMAT = "dwarf-with-dsym";
				ENABLE_NS_ASSERTIONS = NO;
				ENABLE_STRICT_OBJC_MSGSEND = YES;
				GCC_C_LANGUAGE_STANDARD = gnu11;
				GCC_NO_COMMON_BLOCKS = YES;
				GCC_WARN_64_TO_32_BIT_CONVERSION = YES;
				GCC_WARN_ABOUT_RETURN_TYPE = YES_ERROR;
				GCC_WARN_UNDECLARED_SELECTOR = YES;
				GCC_WARN_UNINITIALIZED_AUTOS = YES_AGGRESSIVE;
				GCC_WARN_UNUSED_FUNCTION = YES;
				GCC_WARN_UNUSED_VARIABLE = YES;
				IPHONEOS_DEPLOYMENT_TARGET = 15.5;
				MTL_ENABLE_DEBUG_INFO = NO;
				MTL_FAST_MATH = YES;
				SDKROOT = iphoneos;
				SWIFT_COMPILATION_MODE = wholemodule;
				SWIFT_OPTIMIZATION_LEVEL = "-O";
				VALIDATE_PRODUCT = YES;
			};
			name = Release;
		};
		9BFCBAC628A4D19F00B52A7C /* Debug */ = {
			isa = XCBuildConfiguration;
			buildSettings = {
				ASSETCATALOG_COMPILER_APPICON_NAME = AppIcon;
				ASSETCATALOG_COMPILER_GLOBAL_ACCENT_COLOR_NAME = AccentColor;
				CODE_SIGN_STYLE = Automatic;
				CURRENT_PROJECT_VERSION = 1;
				DEVELOPMENT_TEAM = 5VPZU4RB4D;
				GENERATE_INFOPLIST_FILE = YES;
				INFOPLIST_FILE = MVMV_Example/Info.plist;
				INFOPLIST_KEY_UIApplicationSupportsIndirectInputEvents = YES;
				INFOPLIST_KEY_UILaunchStoryboardName = LaunchScreen;
				INFOPLIST_KEY_UIMainStoryboardFile = Main;
				INFOPLIST_KEY_UISupportedInterfaceOrientations_iPad = "UIInterfaceOrientationPortrait UIInterfaceOrientationPortraitUpsideDown UIInterfaceOrientationLandscapeLeft UIInterfaceOrientationLandscapeRight";
				INFOPLIST_KEY_UISupportedInterfaceOrientations_iPhone = "UIInterfaceOrientationPortrait UIInterfaceOrientationLandscapeLeft UIInterfaceOrientationLandscapeRight";
				LD_RUNPATH_SEARCH_PATHS = (
					"$(inherited)",
					"@executable_path/Frameworks",
				);
				MARKETING_VERSION = 1.0;
				PRODUCT_BUNDLE_IDENTIFIER = "com.jeong9216.MVMV-Example";
				PRODUCT_NAME = "$(TARGET_NAME)";
				SWIFT_EMIT_LOC_STRINGS = YES;
				SWIFT_VERSION = 5.0;
				TARGETED_DEVICE_FAMILY = "1,2";
			};
			name = Debug;
		};
		9BFCBAC728A4D19F00B52A7C /* Release */ = {
			isa = XCBuildConfiguration;
			buildSettings = {
				ASSETCATALOG_COMPILER_APPICON_NAME = AppIcon;
				ASSETCATALOG_COMPILER_GLOBAL_ACCENT_COLOR_NAME = AccentColor;
				CODE_SIGN_STYLE = Automatic;
				CURRENT_PROJECT_VERSION = 1;
				DEVELOPMENT_TEAM = 5VPZU4RB4D;
				GENERATE_INFOPLIST_FILE = YES;
				INFOPLIST_FILE = MVMV_Example/Info.plist;
				INFOPLIST_KEY_UIApplicationSupportsIndirectInputEvents = YES;
				INFOPLIST_KEY_UILaunchStoryboardName = LaunchScreen;
				INFOPLIST_KEY_UIMainStoryboardFile = Main;
				INFOPLIST_KEY_UISupportedInterfaceOrientations_iPad = "UIInterfaceOrientationPortrait UIInterfaceOrientationPortraitUpsideDown UIInterfaceOrientationLandscapeLeft UIInterfaceOrientationLandscapeRight";
				INFOPLIST_KEY_UISupportedInterfaceOrientations_iPhone = "UIInterfaceOrientationPortrait UIInterfaceOrientationLandscapeLeft UIInterfaceOrientationLandscapeRight";
				LD_RUNPATH_SEARCH_PATHS = (
					"$(inherited)",
					"@executable_path/Frameworks",
				);
				MARKETING_VERSION = 1.0;
				PRODUCT_BUNDLE_IDENTIFIER = "com.jeong9216.MVMV-Example";
				PRODUCT_NAME = "$(TARGET_NAME)";
				SWIFT_EMIT_LOC_STRINGS = YES;
				SWIFT_VERSION = 5.0;
				TARGETED_DEVICE_FAMILY = "1,2";
			};
			name = Release;
		};
/* End XCBuildConfiguration section */

/* Begin XCConfigurationList section */
		9BFCBAAC28A4D19E00B52A7C /* Build configuration list for PBXProject "MVMV_Example" */ = {
			isa = XCConfigurationList;
			buildConfigurations = (
				9BFCBAC328A4D19F00B52A7C /* Debug */,
				9BFCBAC428A4D19F00B52A7C /* Release */,
			);
			defaultConfigurationIsVisible = 0;
			defaultConfigurationName = Release;
		};
		9BFCBAC528A4D19F00B52A7C /* Build configuration list for PBXNativeTarget "MVMV_Example" */ = {
			isa = XCConfigurationList;
			buildConfigurations = (
				9BFCBAC628A4D19F00B52A7C /* Debug */,
				9BFCBAC728A4D19F00B52A7C /* Release */,
			);
			defaultConfigurationIsVisible = 0;
			defaultConfigurationName = Release;
		};
/* End XCConfigurationList section */
	};
	rootObject = 9BFCBAA928A4D19E00B52A7C /* Project object */;
}
