// !$*UTF8*$!
{
	archiveVersion = 1;
	classes = {
	};
	objectVersion = 55;
	objects = {

/* Begin PBXBuildFile section */
		9BBA940928C76163002CB0CF /* AppDelegate.swift in Sources */ = {isa = PBXBuildFile; fileRef = 9BBA940828C76163002CB0CF /* AppDelegate.swift */; };
		9BBA940B28C76163002CB0CF /* SceneDelegate.swift in Sources */ = {isa = PBXBuildFile; fileRef = 9BBA940A28C76163002CB0CF /* SceneDelegate.swift */; };
		9BBA940D28C76163002CB0CF /* FirstViewController.swift in Sources */ = {isa = PBXBuildFile; fileRef = 9BBA940C28C76163002CB0CF /* FirstViewController.swift */; };
		9BBA941028C76163002CB0CF /* Main.storyboard in Resources */ = {isa = PBXBuildFile; fileRef = 9BBA940E28C76163002CB0CF /* Main.storyboard */; };
		9BBA941228C76164002CB0CF /* Assets.xcassets in Resources */ = {isa = PBXBuildFile; fileRef = 9BBA941128C76164002CB0CF /* Assets.xcassets */; };
		9BBA941528C76164002CB0CF /* LaunchScreen.storyboard in Resources */ = {isa = PBXBuildFile; fileRef = 9BBA941328C76164002CB0CF /* LaunchScreen.storyboard */; };
		9BBA942028C76195002CB0CF /* FirstViewController.storyboard in Resources */ = {isa = PBXBuildFile; fileRef = 9BBA941F28C76195002CB0CF /* FirstViewController.storyboard */; };
		9BBA942228C761C1002CB0CF /* SecondViewController.swift in Sources */ = {isa = PBXBuildFile; fileRef = 9BBA942128C761C1002CB0CF /* SecondViewController.swift */; };
		9BBA942428C761D4002CB0CF /* SecondViewController.storyboard in Resources */ = {isa = PBXBuildFile; fileRef = 9BBA942328C761D4002CB0CF /* SecondViewController.storyboard */; };
/* End PBXBuildFile section */

/* Begin PBXFileReference section */
		9BBA940528C76163002CB0CF /* StoryBoardExample.app */ = {isa = PBXFileReference; explicitFileType = wrapper.application; includeInIndex = 0; path = StoryBoardExample.app; sourceTree = BUILT_PRODUCTS_DIR; };
		9BBA940828C76163002CB0CF /* AppDelegate.swift */ = {isa = PBXFileReference; lastKnownFileType = sourcecode.swift; path = AppDelegate.swift; sourceTree = "<group>"; };
		9BBA940A28C76163002CB0CF /* SceneDelegate.swift */ = {isa = PBXFileReference; lastKnownFileType = sourcecode.swift; path = SceneDelegate.swift; sourceTree = "<group>"; };
		9BBA940C28C76163002CB0CF /* FirstViewController.swift */ = {isa = PBXFileReference; lastKnownFileType = sourcecode.swift; path = FirstViewController.swift; sourceTree = "<group>"; };
		9BBA940F28C76163002CB0CF /* Base */ = {isa = PBXFileReference; lastKnownFileType = file.storyboard; name = Base; path = Base.lproj/Main.storyboard; sourceTree = "<group>"; };
		9BBA941128C76164002CB0CF /* Assets.xcassets */ = {isa = PBXFileReference; lastKnownFileType = folder.assetcatalog; path = Assets.xcassets; sourceTree = "<group>"; };
		9BBA941428C76164002CB0CF /* Base */ = {isa = PBXFileReference; lastKnownFileType = file.storyboard; name = Base; path = Base.lproj/LaunchScreen.storyboard; sourceTree = "<group>"; };
		9BBA941628C76164002CB0CF /* Info.plist */ = {isa = PBXFileReference; lastKnownFileType = text.plist.xml; path = Info.plist; sourceTree = "<group>"; };
		9BBA941F28C76195002CB0CF /* FirstViewController.storyboard */ = {isa = PBXFileReference; lastKnownFileType = file.storyboard; path = FirstViewController.storyboard; sourceTree = "<group>"; };
		9BBA942128C761C1002CB0CF /* SecondViewController.swift */ = {isa = PBXFileReference; lastKnownFileType = sourcecode.swift; path = SecondViewController.swift; sourceTree = "<group>"; };
		9BBA942328C761D4002CB0CF /* SecondViewController.storyboard */ = {isa = PBXFileReference; lastKnownFileType = file.storyboard; path = SecondViewController.storyboard; sourceTree = "<group>"; };
/* End PBXFileReference section */

/* Begin PBXFrameworksBuildPhase section */
		9BBA940228C76163002CB0CF /* Frameworks */ = {
			isa = PBXFrameworksBuildPhase;
			buildActionMask = 2147483647;
			files = (
			);
			runOnlyForDeploymentPostprocessing = 0;
		};
/* End PBXFrameworksBuildPhase section */

/* Begin PBXGroup section */
		9BBA93FC28C76163002CB0CF = {
			isa = PBXGroup;
			children = (
				9BBA940728C76163002CB0CF /* StoryBoardExample */,
				9BBA940628C76163002CB0CF /* Products */,
			);
			sourceTree = "<group>";
		};
		9BBA940628C76163002CB0CF /* Products */ = {
			isa = PBXGroup;
			children = (
				9BBA940528C76163002CB0CF /* StoryBoardExample.app */,
			);
			name = Products;
			sourceTree = "<group>";
		};
		9BBA940728C76163002CB0CF /* StoryBoardExample */ = {
			isa = PBXGroup;
			children = (
				9BBA941D28C76181002CB0CF /* SecondViewController */,
				9BBA941C28C7617C002CB0CF /* FirstViewController */,
				9BBA940828C76163002CB0CF /* AppDelegate.swift */,
				9BBA940A28C76163002CB0CF /* SceneDelegate.swift */,
				9BBA940E28C76163002CB0CF /* Main.storyboard */,
				9BBA941128C76164002CB0CF /* Assets.xcassets */,
				9BBA941328C76164002CB0CF /* LaunchScreen.storyboard */,
				9BBA941628C76164002CB0CF /* Info.plist */,
			);
			path = StoryBoardExample;
			sourceTree = "<group>";
		};
		9BBA941C28C7617C002CB0CF /* FirstViewController */ = {
			isa = PBXGroup;
			children = (
				9BBA940C28C76163002CB0CF /* FirstViewController.swift */,
				9BBA941F28C76195002CB0CF /* FirstViewController.storyboard */,
			);
			path = FirstViewController;
			sourceTree = "<group>";
		};
		9BBA941D28C76181002CB0CF /* SecondViewController */ = {
			isa = PBXGroup;
			children = (
				9BBA942128C761C1002CB0CF /* SecondViewController.swift */,
				9BBA942328C761D4002CB0CF /* SecondViewController.storyboard */,
			);
			path = SecondViewController;
			sourceTree = "<group>";
		};
/* End PBXGroup section */

/* Begin PBXNativeTarget section */
		9BBA940428C76163002CB0CF /* StoryBoardExample */ = {
			isa = PBXNativeTarget;
			buildConfigurationList = 9BBA941928C76164002CB0CF /* Build configuration list for PBXNativeTarget "StoryBoardExample" */;
			buildPhases = (
				9BBA940128C76163002CB0CF /* Sources */,
				9BBA940228C76163002CB0CF /* Frameworks */,
				9BBA940328C76163002CB0CF /* Resources */,
			);
			buildRules = (
			);
			dependencies = (
			);
			name = StoryBoardExample;
			productName = StoryBoardExample;
			productReference = 9BBA940528C76163002CB0CF /* StoryBoardExample.app */;
			productType = "com.apple.product-type.application";
		};
/* End PBXNativeTarget section */

/* Begin PBXProject section */
		9BBA93FD28C76163002CB0CF /* Project object */ = {
			isa = PBXProject;
			attributes = {
				BuildIndependentTargetsInParallel = 1;
				LastSwiftUpdateCheck = 1340;
				LastUpgradeCheck = 1340;
				TargetAttributes = {
					9BBA940428C76163002CB0CF = {
						CreatedOnToolsVersion = 13.4.1;
					};
				};
			};
			buildConfigurationList = 9BBA940028C76163002CB0CF /* Build configuration list for PBXProject "StoryBoardExample" */;
			compatibilityVersion = "Xcode 13.0";
			developmentRegion = en;
			hasScannedForEncodings = 0;
			knownRegions = (
				en,
				Base,
			);
			mainGroup = 9BBA93FC28C76163002CB0CF;
			productRefGroup = 9BBA940628C76163002CB0CF /* Products */;
			projectDirPath = "";
			projectRoot = "";
			targets = (
				9BBA940428C76163002CB0CF /* StoryBoardExample */,
			);
		};
/* End PBXProject section */

/* Begin PBXResourcesBuildPhase section */
		9BBA940328C76163002CB0CF /* Resources */ = {
			isa = PBXResourcesBuildPhase;
			buildActionMask = 2147483647;
			files = (
				9BBA942028C76195002CB0CF /* FirstViewController.storyboard in Resources */,
				9BBA941528C76164002CB0CF /* LaunchScreen.storyboard in Resources */,
				9BBA942428C761D4002CB0CF /* SecondViewController.storyboard in Resources */,
				9BBA941228C76164002CB0CF /* Assets.xcassets in Resources */,
				9BBA941028C76163002CB0CF /* Main.storyboard in Resources */,
			);
			runOnlyForDeploymentPostprocessing = 0;
		};
/* End PBXResourcesBuildPhase section */

/* Begin PBXSourcesBuildPhase section */
		9BBA940128C76163002CB0CF /* Sources */ = {
			isa = PBXSourcesBuildPhase;
			buildActionMask = 2147483647;
			files = (
				9BBA942228C761C1002CB0CF /* SecondViewController.swift in Sources */,
				9BBA940D28C76163002CB0CF /* FirstViewController.swift in Sources */,
				9BBA940928C76163002CB0CF /* AppDelegate.swift in Sources */,
				9BBA940B28C76163002CB0CF /* SceneDelegate.swift in Sources */,
			);
			runOnlyForDeploymentPostprocessing = 0;
		};
/* End PBXSourcesBuildPhase section */

/* Begin PBXVariantGroup section */
		9BBA940E28C76163002CB0CF /* Main.storyboard */ = {
			isa = PBXVariantGroup;
			children = (
				9BBA940F28C76163002CB0CF /* Base */,
			);
			name = Main.storyboard;
			sourceTree = "<group>";
		};
		9BBA941328C76164002CB0CF /* LaunchScreen.storyboard */ = {
			isa = PBXVariantGroup;
			children = (
				9BBA941428C76164002CB0CF /* Base */,
			);
			name = LaunchScreen.storyboard;
			sourceTree = "<group>";
		};
/* End PBXVariantGroup section */

/* Begin XCBuildConfiguration section */
		9BBA941728C76164002CB0CF /* Debug */ = {
			isa = XCBuildConfiguration;
			buildSettings = {
				ALWAYS_SEARCH_USER_PATHS = NO;
				CLANG_ANALYZER_NONNULL = YES;
				CLANG_ANALYZER_NUMBER_OBJECT_CONVERSION = YES_AGGRESSIVE;
				CLANG_CXX_LANGUAGE_STANDARD = "gnu++17";
				CLANG_ENABLE_MODULES = YES;
				CLANG_ENABLE_OBJC_ARC = YES;
				CLANG_ENABLE_OBJC_WEAK = YES;
				CLANG_WARN_BLOCK_CAPTURE_AUTORELEASING = YES;
				CLANG_WARN_BOOL_CONVERSION = YES;
				CLANG_WARN_COMMA = YES;
				CLANG_WARN_CONSTANT_CONVERSION = YES;
				CLANG_WARN_DEPRECATED_OBJC_IMPLEMENTATIONS = YES;
				CLANG_WARN_DIRECT_OBJC_ISA_USAGE = YES_ERROR;
				CLANG_WARN_DOCUMENTATION_COMMENTS = YES;
				CLANG_WARN_EMPTY_BODY = YES;
				CLANG_WARN_ENUM_CONVERSION = YES;
				CLANG_WARN_INFINITE_RECURSION = YES;
				CLANG_WARN_INT_CONVERSION = YES;
				CLANG_WARN_NON_LITERAL_NULL_CONVERSION = YES;
				CLANG_WARN_OBJC_IMPLICIT_RETAIN_SELF = YES;
				CLANG_WARN_OBJC_LITERAL_CONVERSION = YES;
				CLANG_WARN_OBJC_ROOT_CLASS = YES_ERROR;
				CLANG_WARN_QUOTED_INCLUDE_IN_FRAMEWORK_HEADER = YES;
				CLANG_WARN_RANGE_LOOP_ANALYSIS = YES;
				CLANG_WARN_STRICT_PROTOTYPES = YES;
				CLANG_WARN_SUSPICIOUS_MOVE = YES;
				CLANG_WARN_UNGUARDED_AVAILABILITY = YES_AGGRESSIVE;
				CLANG_WARN_UNREACHABLE_CODE = YES;
				CLANG_WARN__DUPLICATE_METHOD_MATCH = YES;
				COPY_PHASE_STRIP = NO;
				DEBUG_INFORMATION_FORMAT = dwarf;
				ENABLE_STRICT_OBJC_MSGSEND = YES;
				ENABLE_TESTABILITY = YES;
				GCC_C_LANGUAGE_STANDARD = gnu11;
				GCC_DYNAMIC_NO_PIC = NO;
				GCC_NO_COMMON_BLOCKS = YES;
				GCC_OPTIMIZATION_LEVEL = 0;
				GCC_PREPROCESSOR_DEFINITIONS = (
					"DEBUG=1",
					"$(inherited)",
				);
				GCC_WARN_64_TO_32_BIT_CONVERSION = YES;
				GCC_WARN_ABOUT_RETURN_TYPE = YES_ERROR;
				GCC_WARN_UNDECLARED_SELECTOR = YES;
				GCC_WARN_UNINITIALIZED_AUTOS = YES_AGGRESSIVE;
				GCC_WARN_UNUSED_FUNCTION = YES;
				GCC_WARN_UNUSED_VARIABLE = YES;
				IPHONEOS_DEPLOYMENT_TARGET = 15.5;
				MTL_ENABLE_DEBUG_INFO = INCLUDE_SOURCE;
				MTL_FAST_MATH = YES;
				ONLY_ACTIVE_ARCH = YES;
				SDKROOT = iphoneos;
				SWIFT_ACTIVE_COMPILATION_CONDITIONS = DEBUG;
				SWIFT_OPTIMIZATION_LEVEL = "-Onone";
			};
			name = Debug;
		};
		9BBA941828C76164002CB0CF /* Release */ = {
			isa = XCBuildConfiguration;
			buildSettings = {
				ALWAYS_SEARCH_USER_PATHS = NO;
				CLANG_ANALYZER_NONNULL = YES;
				CLANG_ANALYZER_NUMBER_OBJECT_CONVERSION = YES_AGGRESSIVE;
				CLANG_CXX_LANGUAGE_STANDARD = "gnu++17";
				CLANG_ENABLE_MODULES = YES;
				CLANG_ENABLE_OBJC_ARC = YES;
				CLANG_ENABLE_OBJC_WEAK = YES;
				CLANG_WARN_BLOCK_CAPTURE_AUTORELEASING = YES;
				CLANG_WARN_BOOL_CONVERSION = YES;
				CLANG_WARN_COMMA = YES;
				CLANG_WARN_CONSTANT_CONVERSION = YES;
				CLANG_WARN_DEPRECATED_OBJC_IMPLEMENTATIONS = YES;
				CLANG_WARN_DIRECT_OBJC_ISA_USAGE = YES_ERROR;
				CLANG_WARN_DOCUMENTATION_COMMENTS = YES;
				CLANG_WARN_EMPTY_BODY = YES;
				CLANG_WARN_ENUM_CONVERSION = YES;
				CLANG_WARN_INFINITE_RECURSION = YES;
				CLANG_WARN_INT_CONVERSION = YES;
				CLANG_WARN_NON_LITERAL_NULL_CONVERSION = YES;
				CLANG_WARN_OBJC_IMPLICIT_RETAIN_SELF = YES;
				CLANG_WARN_OBJC_LITERAL_CONVERSION = YES;
				CLANG_WARN_OBJC_ROOT_CLASS = YES_ERROR;
				CLANG_WARN_QUOTED_INCLUDE_IN_FRAMEWORK_HEADER = YES;
				CLANG_WARN_RANGE_LOOP_ANALYSIS = YES;
				CLANG_WARN_STRICT_PROTOTYPES = YES;
				CLANG_WARN_SUSPICIOUS_MOVE = YES;
				CLANG_WARN_UNGUARDED_AVAILABILITY = YES_AGGRESSIVE;
				CLANG_WARN_UNREACHABLE_CODE = YES;
				CLANG_WARN__DUPLICATE_METHOD_MATCH = YES;
				COPY_PHASE_STRIP = NO;
				DEBUG_INFORMATION_FORMAT = "dwarf-with-dsym";
				ENABLE_NS_ASSERTIONS = NO;
				ENABLE_STRICT_OBJC_MSGSEND = YES;
				GCC_C_LANGUAGE_STANDARD = gnu11;
				GCC_NO_COMMON_BLOCKS = YES;
				GCC_WARN_64_TO_32_BIT_CONVERSION = YES;
				GCC_WARN_ABOUT_RETURN_TYPE = YES_ERROR;
				GCC_WARN_UNDECLARED_SELECTOR = YES;
				GCC_WARN_UNINITIALIZED_AUTOS = YES_AGGRESSIVE;
				GCC_WARN_UNUSED_FUNCTION = YES;
				GCC_WARN_UNUSED_VARIABLE = YES;
				IPHONEOS_DEPLOYMENT_TARGET = 15.5;
				MTL_ENABLE_DEBUG_INFO = NO;
				MTL_FAST_MATH = YES;
				SDKROOT = iphoneos;
				SWIFT_COMPILATION_MODE = wholemodule;
				SWIFT_OPTIMIZATION_LEVEL = "-O";
				VALIDATE_PRODUCT = YES;
			};
			name = Release;
		};
		9BBA941A28C76164002CB0CF /* Debug */ = {
			isa = XCBuildConfiguration;
			buildSettings = {
				ASSETCATALOG_COMPILER_APPICON_NAME = AppIcon;
				ASSETCATALOG_COMPILER_GLOBAL_ACCENT_COLOR_NAME = AccentColor;
				CODE_SIGN_STYLE = Automatic;
				CURRENT_PROJECT_VERSION = 1;
				DEVELOPMENT_TEAM = 5VPZU4RB4D;
				GENERATE_INFOPLIST_FILE = YES;
				INFOPLIST_FILE = StoryBoardExample/Info.plist;
				INFOPLIST_KEY_UIApplicationSupportsIndirectInputEvents = YES;
				INFOPLIST_KEY_UILaunchStoryboardName = LaunchScreen;
				INFOPLIST_KEY_UIMainStoryboardFile = Main;
				INFOPLIST_KEY_UISupportedInterfaceOrientations_iPad = "UIInterfaceOrientationPortrait UIInterfaceOrientationPortraitUpsideDown UIInterfaceOrientationLandscapeLeft UIInterfaceOrientationLandscapeRight";
				INFOPLIST_KEY_UISupportedInterfaceOrientations_iPhone = "UIInterfaceOrientationPortrait UIInterfaceOrientationLandscapeLeft UIInterfaceOrientationLandscapeRight";
				LD_RUNPATH_SEARCH_PATHS = (
					"$(inherited)",
					"@executable_path/Frameworks",
				);
				MARKETING_VERSION = 1.0;
				PRODUCT_BUNDLE_IDENTIFIER = com.jeong9216.StoryBoardExample;
				PRODUCT_NAME = "$(TARGET_NAME)";
				SWIFT_EMIT_LOC_STRINGS = YES;
				SWIFT_VERSION = 5.0;
				TARGETED_DEVICE_FAMILY = "1,2";
			};
			name = Debug;
		};
		9BBA941B28C76164002CB0CF /* Release */ = {
			isa = XCBuildConfiguration;
			buildSettings = {
				ASSETCATALOG_COMPILER_APPICON_NAME = AppIcon;
				ASSETCATALOG_COMPILER_GLOBAL_ACCENT_COLOR_NAME = AccentColor;
				CODE_SIGN_STYLE = Automatic;
				CURRENT_PROJECT_VERSION = 1;
				DEVELOPMENT_TEAM = 5VPZU4RB4D;
				GENERATE_INFOPLIST_FILE = YES;
				INFOPLIST_FILE = StoryBoardExample/Info.plist;
				INFOPLIST_KEY_UIApplicationSupportsIndirectInputEvents = YES;
				INFOPLIST_KEY_UILaunchStoryboardName = LaunchScreen;
				INFOPLIST_KEY_UIMainStoryboardFile = Main;
				INFOPLIST_KEY_UISupportedInterfaceOrientations_iPad = "UIInterfaceOrientationPortrait UIInterfaceOrientationPortraitUpsideDown UIInterfaceOrientationLandscapeLeft UIInterfaceOrientationLandscapeRight";
				INFOPLIST_KEY_UISupportedInterfaceOrientations_iPhone = "UIInterfaceOrientationPortrait UIInterfaceOrientationLandscapeLeft UIInterfaceOrientationLandscapeRight";
				LD_RUNPATH_SEARCH_PATHS = (
					"$(inherited)",
					"@executable_path/Frameworks",
				);
				MARKETING_VERSION = 1.0;
				PRODUCT_BUNDLE_IDENTIFIER = com.jeong9216.StoryBoardExample;
				PRODUCT_NAME = "$(TARGET_NAME)";
				SWIFT_EMIT_LOC_STRINGS = YES;
				SWIFT_VERSION = 5.0;
				TARGETED_DEVICE_FAMILY = "1,2";
			};
			name = Release;
		};
/* End XCBuildConfiguration section */

/* Begin XCConfigurationList section */
		9BBA940028C76163002CB0CF /* Build configuration list for PBXProject "StoryBoardExample" */ = {
			isa = XCConfigurationList;
			buildConfigurations = (
				9BBA941728C76164002CB0CF /* Debug */,
				9BBA941828C76164002CB0CF /* Release */,
			);
			defaultConfigurationIsVisible = 0;
			defaultConfigurationName = Release;
		};
		9BBA941928C76164002CB0CF /* Build configuration list for PBXNativeTarget "StoryBoardExample" */ = {
			isa = XCConfigurationList;
			buildConfigurations = (
				9BBA941A28C76164002CB0CF /* Debug */,
				9BBA941B28C76164002CB0CF /* Release */,
			);
			defaultConfigurationIsVisible = 0;
			defaultConfigurationName = Release;
		};
/* End XCConfigurationList section */
	};
	rootObject = 9BBA93FD28C76163002CB0CF /* Project object */;
}
